// !$*UTF8*$!
{
	archiveVersion = 1;
	classes = {
	};
	objectVersion = 56;
	objects = {

/* Begin PBXBuildFile section */
		916115A12C98DEB800352967 /* Extensions.swift in Sources */ = {isa = PBXBuildFile; fileRef = 916115A02C98DEB800352967 /* Extensions.swift */; };
		916E06332C98CDA80051C53F /* AppDelegate.swift in Sources */ = {isa = PBXBuildFile; fileRef = 916E06322C98CDA80051C53F /* AppDelegate.swift */; };
		916E063D2C98CDA80051C53F /* flotipios.xcdatamodeld in Sources */ = {isa = PBXBuildFile; fileRef = 916E063B2C98CDA80051C53F /* flotipios.xcdatamodeld */; };
		916E063F2C98CDA90051C53F /* Assets.xcassets in Resources */ = {isa = PBXBuildFile; fileRef = 916E063E2C98CDA90051C53F /* Assets.xcassets */; };
		916E06422C98CDA90051C53F /* Base in Resources */ = {isa = PBXBuildFile; fileRef = 916E06412C98CDA90051C53F /* Base */; };
		916E064D2C98CDAA0051C53F /* flotipiosTests.swift in Sources */ = {isa = PBXBuildFile; fileRef = 916E064C2C98CDAA0051C53F /* flotipiosTests.swift */; };
		916E06572C98CDAA0051C53F /* flotipiosUITests.swift in Sources */ = {isa = PBXBuildFile; fileRef = 916E06562C98CDAA0051C53F /* flotipiosUITests.swift */; };
		916E06592C98CDAA0051C53F /* flotipiosUITestsLaunchTests.swift in Sources */ = {isa = PBXBuildFile; fileRef = 916E06582C98CDAA0051C53F /* flotipiosUITestsLaunchTests.swift */; };
		91A7AAEB2C98DC6D00F78D52 /* LoginVC.swift in Sources */ = {isa = PBXBuildFile; fileRef = 91A7AAEA2C98DC6D00F78D52 /* LoginVC.swift */; };
		91AA5D3F2CA3440A00ED4B07 /* ForgotPasswordVC.swift in Sources */ = {isa = PBXBuildFile; fileRef = 91AA5D3E2CA3440A00ED4B07 /* ForgotPasswordVC.swift */; };
/* End PBXBuildFile section */

/* Begin PBXContainerItemProxy section */
		916E06492C98CDAA0051C53F /* PBXContainerItemProxy */ = {
			isa = PBXContainerItemProxy;
			containerPortal = 916E06272C98CDA80051C53F /* Project object */;
			proxyType = 1;
			remoteGlobalIDString = 916E062E2C98CDA80051C53F;
			remoteInfo = flotipios;
		};
		916E06532C98CDAA0051C53F /* PBXContainerItemProxy */ = {
			isa = PBXContainerItemProxy;
			containerPortal = 916E06272C98CDA80051C53F /* Project object */;
			proxyType = 1;
			remoteGlobalIDString = 916E062E2C98CDA80051C53F;
			remoteInfo = flotipios;
		};
/* End PBXContainerItemProxy section */

/* Begin PBXFileReference section */
		916115A02C98DEB800352967 /* Extensions.swift */ = {isa = PBXFileReference; lastKnownFileType = sourcecode.swift; path = Extensions.swift; sourceTree = "<group>"; };
		916E062F2C98CDA80051C53F /* flotipios.app */ = {isa = PBXFileReference; explicitFileType = wrapper.application; includeInIndex = 0; path = flotipios.app; sourceTree = BUILT_PRODUCTS_DIR; };
		916E06322C98CDA80051C53F /* AppDelegate.swift */ = {isa = PBXFileReference; lastKnownFileType = sourcecode.swift; path = AppDelegate.swift; sourceTree = "<group>"; };
		916E063C2C98CDA80051C53F /* flotipios.xcdatamodel */ = {isa = PBXFileReference; lastKnownFileType = wrapper.xcdatamodel; path = flotipios.xcdatamodel; sourceTree = "<group>"; };
		916E063E2C98CDA90051C53F /* Assets.xcassets */ = {isa = PBXFileReference; lastKnownFileType = folder.assetcatalog; path = Assets.xcassets; sourceTree = "<group>"; };
		916E06412C98CDA90051C53F /* Base */ = {isa = PBXFileReference; lastKnownFileType = file.storyboard; name = Base; path = Base.lproj/LaunchScreen.storyboard; sourceTree = "<group>"; };
		916E06432C98CDA90051C53F /* Info.plist */ = {isa = PBXFileReference; lastKnownFileType = text.plist.xml; path = Info.plist; sourceTree = "<group>"; };
		916E06482C98CDAA0051C53F /* flotipiosTests.xctest */ = {isa = PBXFileReference; explicitFileType = wrapper.cfbundle; includeInIndex = 0; path = flotipiosTests.xctest; sourceTree = BUILT_PRODUCTS_DIR; };
		916E064C2C98CDAA0051C53F /* flotipiosTests.swift */ = {isa = PBXFileReference; lastKnownFileType = sourcecode.swift; path = flotipiosTests.swift; sourceTree = "<group>"; };
		916E06522C98CDAA0051C53F /* flotipiosUITests.xctest */ = {isa = PBXFileReference; explicitFileType = wrapper.cfbundle; includeInIndex = 0; path = flotipiosUITests.xctest; sourceTree = BUILT_PRODUCTS_DIR; };
		916E06562C98CDAA0051C53F /* flotipiosUITests.swift */ = {isa = PBXFileReference; lastKnownFileType = sourcecode.swift; path = flotipiosUITests.swift; sourceTree = "<group>"; };
		916E06582C98CDAA0051C53F /* flotipiosUITestsLaunchTests.swift */ = {isa = PBXFileReference; lastKnownFileType = sourcecode.swift; path = flotipiosUITestsLaunchTests.swift; sourceTree = "<group>"; };
		91A7AAEA2C98DC6D00F78D52 /* LoginVC.swift */ = {isa = PBXFileReference; lastKnownFileType = sourcecode.swift; path = LoginVC.swift; sourceTree = "<group>"; };
		91AA5D3E2CA3440A00ED4B07 /* ForgotPasswordVC.swift */ = {isa = PBXFileReference; lastKnownFileType = sourcecode.swift; path = ForgotPasswordVC.swift; sourceTree = "<group>"; };
/* End PBXFileReference section */

/* Begin PBXFrameworksBuildPhase section */
		916E062C2C98CDA80051C53F /* Frameworks */ = {
			isa = PBXFrameworksBuildPhase;
			buildActionMask = 2147483647;
			files = (
			);
			runOnlyForDeploymentPostprocessing = 0;
		};
		916E06452C98CDAA0051C53F /* Frameworks */ = {
			isa = PBXFrameworksBuildPhase;
			buildActionMask = 2147483647;
			files = (
			);
			runOnlyForDeploymentPostprocessing = 0;
		};
		916E064F2C98CDAA0051C53F /* Frameworks */ = {
			isa = PBXFrameworksBuildPhase;
			buildActionMask = 2147483647;
			files = (
			);
			runOnlyForDeploymentPostprocessing = 0;
		};
/* End PBXFrameworksBuildPhase section */

/* Begin PBXGroup section */
		9161159F2C98DE7E00352967 /* Utils */ = {
			isa = PBXGroup;
			children = (
				916115A02C98DEB800352967 /* Extensions.swift */,
			);
			path = Utils;
			sourceTree = "<group>";
		};
		916E06262C98CDA80051C53F = {
			isa = PBXGroup;
			children = (
				916E06312C98CDA80051C53F /* flotipios */,
				916E064B2C98CDAA0051C53F /* flotipiosTests */,
				916E06552C98CDAA0051C53F /* flotipiosUITests */,
				916E06302C98CDA80051C53F /* Products */,
			);
			sourceTree = "<group>";
		};
		916E06302C98CDA80051C53F /* Products */ = {
			isa = PBXGroup;
			children = (
				916E062F2C98CDA80051C53F /* flotipios.app */,
				916E06482C98CDAA0051C53F /* flotipiosTests.xctest */,
				916E06522C98CDAA0051C53F /* flotipiosUITests.xctest */,
			);
			name = Products;
			sourceTree = "<group>";
		};
		916E06312C98CDA80051C53F /* flotipios */ = {
			isa = PBXGroup;
			children = (
				9161159F2C98DE7E00352967 /* Utils */,
				91A7AAE92C98DBF600F78D52 /* Controller */,
				91A7AAE82C98DBEB00F78D52 /* View */,
				91A7AAE72C98DBE100F78D52 /* Model */,
				916E06322C98CDA80051C53F /* AppDelegate.swift */,
				916E063E2C98CDA90051C53F /* Assets.xcassets */,
				916E06402C98CDA90051C53F /* LaunchScreen.storyboard */,
				916E06432C98CDA90051C53F /* Info.plist */,
				916E063B2C98CDA80051C53F /* flotipios.xcdatamodeld */,
			);
			path = flotipios;
			sourceTree = "<group>";
		};
		916E064B2C98CDAA0051C53F /* flotipiosTests */ = {
			isa = PBXGroup;
			children = (
				916E064C2C98CDAA0051C53F /* flotipiosTests.swift */,
			);
			path = flotipiosTests;
			sourceTree = "<group>";
		};
		916E06552C98CDAA0051C53F /* flotipiosUITests */ = {
			isa = PBXGroup;
			children = (
				916E06562C98CDAA0051C53F /* flotipiosUITests.swift */,
				916E06582C98CDAA0051C53F /* flotipiosUITestsLaunchTests.swift */,
			);
			path = flotipiosUITests;
			sourceTree = "<group>";
		};
		91A7AAE72C98DBE100F78D52 /* Model */ = {
			isa = PBXGroup;
			children = (
			);
			path = Model;
			sourceTree = "<group>";
		};
		91A7AAE82C98DBEB00F78D52 /* View */ = {
			isa = PBXGroup;
			children = (
			);
			path = View;
			sourceTree = "<group>";
		};
		91A7AAE92C98DBF600F78D52 /* Controller */ = {
			isa = PBXGroup;
			children = (
				91A7AAEA2C98DC6D00F78D52 /* LoginVC.swift */,
				91AA5D3E2CA3440A00ED4B07 /* ForgotPasswordVC.swift */,
			);
			path = Controller;
			sourceTree = "<group>";
		};
/* End PBXGroup section */

/* Begin PBXNativeTarget section */
		916E062E2C98CDA80051C53F /* flotipios */ = {
			isa = PBXNativeTarget;
			buildConfigurationList = 916E065C2C98CDAA0051C53F /* Build configuration list for PBXNativeTarget "flotipios" */;
			buildPhases = (
				916E062B2C98CDA80051C53F /* Sources */,
				916E062C2C98CDA80051C53F /* Frameworks */,
				916E062D2C98CDA80051C53F /* Resources */,
			);
			buildRules = (
			);
			dependencies = (
			);
			name = flotipios;
			productName = flotipios;
			productReference = 916E062F2C98CDA80051C53F /* flotipios.app */;
			productType = "com.apple.product-type.application";
		};
		916E06472C98CDAA0051C53F /* flotipiosTests */ = {
			isa = PBXNativeTarget;
			buildConfigurationList = 916E065F2C98CDAA0051C53F /* Build configuration list for PBXNativeTarget "flotipiosTests" */;
			buildPhases = (
				916E06442C98CDAA0051C53F /* Sources */,
				916E06452C98CDAA0051C53F /* Frameworks */,
				916E06462C98CDAA0051C53F /* Resources */,
			);
			buildRules = (
			);
			dependencies = (
				916E064A2C98CDAA0051C53F /* PBXTargetDependency */,
			);
			name = flotipiosTests;
			productName = flotipiosTests;
			productReference = 916E06482C98CDAA0051C53F /* flotipiosTests.xctest */;
			productType = "com.apple.product-type.bundle.unit-test";
		};
		916E06512C98CDAA0051C53F /* flotipiosUITests */ = {
			isa = PBXNativeTarget;
			buildConfigurationList = 916E06622C98CDAA0051C53F /* Build configuration list for PBXNativeTarget "flotipiosUITests" */;
			buildPhases = (
				916E064E2C98CDAA0051C53F /* Sources */,
				916E064F2C98CDAA0051C53F /* Frameworks */,
				916E06502C98CDAA0051C53F /* Resources */,
			);
			buildRules = (
			);
			dependencies = (
				916E06542C98CDAA0051C53F /* PBXTargetDependency */,
			);
			name = flotipiosUITests;
			productName = flotipiosUITests;
			productReference = 916E06522C98CDAA0051C53F /* flotipiosUITests.xctest */;
			productType = "com.apple.product-type.bundle.ui-testing";
		};
/* End PBXNativeTarget section */

/* Begin PBXProject section */
		916E06272C98CDA80051C53F /* Project object */ = {
			isa = PBXProject;
			attributes = {
				BuildIndependentTargetsInParallel = 1;
				LastSwiftUpdateCheck = 1540;
				LastUpgradeCheck = 1540;
				TargetAttributes = {
					916E062E2C98CDA80051C53F = {
						CreatedOnToolsVersion = 15.4;
					};
					916E06472C98CDAA0051C53F = {
						CreatedOnToolsVersion = 15.4;
						TestTargetID = 916E062E2C98CDA80051C53F;
					};
					916E06512C98CDAA0051C53F = {
						CreatedOnToolsVersion = 15.4;
						TestTargetID = 916E062E2C98CDA80051C53F;
					};
				};
			};
			buildConfigurationList = 916E062A2C98CDA80051C53F /* Build configuration list for PBXProject "flotipios" */;
			compatibilityVersion = "Xcode 14.0";
			developmentRegion = en;
			hasScannedForEncodings = 0;
			knownRegions = (
				en,
				Base,
			);
			mainGroup = 916E06262C98CDA80051C53F;
			productRefGroup = 916E06302C98CDA80051C53F /* Products */;
			projectDirPath = "";
			projectRoot = "";
			targets = (
				916E062E2C98CDA80051C53F /* flotipios */,
				916E06472C98CDAA0051C53F /* flotipiosTests */,
				916E06512C98CDAA0051C53F /* flotipiosUITests */,
			);
		};
/* End PBXProject section */

/* Begin PBXResourcesBuildPhase section */
		916E062D2C98CDA80051C53F /* Resources */ = {
			isa = PBXResourcesBuildPhase;
			buildActionMask = 2147483647;
			files = (
				916E063F2C98CDA90051C53F /* Assets.xcassets in Resources */,
				916E06422C98CDA90051C53F /* Base in Resources */,
			);
			runOnlyForDeploymentPostprocessing = 0;
		};
		916E06462C98CDAA0051C53F /* Resources */ = {
			isa = PBXResourcesBuildPhase;
			buildActionMask = 2147483647;
			files = (
			);
			runOnlyForDeploymentPostprocessing = 0;
		};
		916E06502C98CDAA0051C53F /* Resources */ = {
			isa = PBXResourcesBuildPhase;
			buildActionMask = 2147483647;
			files = (
			);
			runOnlyForDeploymentPostprocessing = 0;
		};
/* End PBXResourcesBuildPhase section */

/* Begin PBXSourcesBuildPhase section */
		916E062B2C98CDA80051C53F /* Sources */ = {
			isa = PBXSourcesBuildPhase;
			buildActionMask = 2147483647;
			files = (
				916115A12C98DEB800352967 /* Extensions.swift in Sources */,
				916E06332C98CDA80051C53F /* AppDelegate.swift in Sources */,
				916E063D2C98CDA80051C53F /* flotipios.xcdatamodeld in Sources */,
				91A7AAEB2C98DC6D00F78D52 /* LoginVC.swift in Sources */,
				91AA5D3F2CA3440A00ED4B07 /* ForgotPasswordVC.swift in Sources */,
			);
			runOnlyForDeploymentPostprocessing = 0;
		};
		916E06442C98CDAA0051C53F /* Sources */ = {
			isa = PBXSourcesBuildPhase;
			buildActionMask = 2147483647;
			files = (
				916E064D2C98CDAA0051C53F /* flotipiosTests.swift in Sources */,
			);
			runOnlyForDeploymentPostprocessing = 0;
		};
		916E064E2C98CDAA0051C53F /* Sources */ = {
			isa = PBXSourcesBuildPhase;
			buildActionMask = 2147483647;
			files = (
				916E06592C98CDAA0051C53F /* flotipiosUITestsLaunchTests.swift in Sources */,
				916E06572C98CDAA0051C53F /* flotipiosUITests.swift in Sources */,
			);
			runOnlyForDeploymentPostprocessing = 0;
		};
/* End PBXSourcesBuildPhase section */

/* Begin PBXTargetDependency section */
		916E064A2C98CDAA0051C53F /* PBXTargetDependency */ = {
			isa = PBXTargetDependency;
			target = 916E062E2C98CDA80051C53F /* flotipios */;
			targetProxy = 916E06492C98CDAA0051C53F /* PBXContainerItemProxy */;
		};
		916E06542C98CDAA0051C53F /* PBXTargetDependency */ = {
			isa = PBXTargetDependency;
			target = 916E062E2C98CDA80051C53F /* flotipios */;
			targetProxy = 916E06532C98CDAA0051C53F /* PBXContainerItemProxy */;
		};
/* End PBXTargetDependency section */

/* Begin PBXVariantGroup section */
		916E06402C98CDA90051C53F /* LaunchScreen.storyboard */ = {
			isa = PBXVariantGroup;
			children = (
				916E06412C98CDA90051C53F /* Base */,
			);
			name = LaunchScreen.storyboard;
			sourceTree = "<group>";
		};
/* End PBXVariantGroup section */

/* Begin XCBuildConfiguration section */
		916E065A2C98CDAA0051C53F /* Debug */ = {
			isa = XCBuildConfiguration;
			buildSettings = {
				ALWAYS_SEARCH_USER_PATHS = NO;
				ASSETCATALOG_COMPILER_GENERATE_SWIFT_ASSET_SYMBOL_EXTENSIONS = YES;
				CLANG_ANALYZER_NONNULL = YES;
				CLANG_ANALYZER_NUMBER_OBJECT_CONVERSION = YES_AGGRESSIVE;
				CLANG_CXX_LANGUAGE_STANDARD = "gnu++20";
				CLANG_ENABLE_MODULES = YES;
				CLANG_ENABLE_OBJC_ARC = YES;
				CLANG_ENABLE_OBJC_WEAK = YES;
				CLANG_WARN_BLOCK_CAPTURE_AUTORELEASING = YES;
				CLANG_WARN_BOOL_CONVERSION = YES;
				CLANG_WARN_COMMA = YES;
				CLANG_WARN_CONSTANT_CONVERSION = YES;
				CLANG_WARN_DEPRECATED_OBJC_IMPLEMENTATIONS = YES;
				CLANG_WARN_DIRECT_OBJC_ISA_USAGE = YES_ERROR;
				CLANG_WARN_DOCUMENTATION_COMMENTS = YES;
				CLANG_WARN_EMPTY_BODY = YES;
				CLANG_WARN_ENUM_CONVERSION = YES;
				CLANG_WARN_INFINITE_RECURSION = YES;
				CLANG_WARN_INT_CONVERSION = YES;
				CLANG_WARN_NON_LITERAL_NULL_CONVERSION = YES;
				CLANG_WARN_OBJC_IMPLICIT_RETAIN_SELF = YES;
				CLANG_WARN_OBJC_LITERAL_CONVERSION = YES;
				CLANG_WARN_OBJC_ROOT_CLASS = YES_ERROR;
				CLANG_WARN_QUOTED_INCLUDE_IN_FRAMEWORK_HEADER = YES;
				CLANG_WARN_RANGE_LOOP_ANALYSIS = YES;
				CLANG_WARN_STRICT_PROTOTYPES = YES;
				CLANG_WARN_SUSPICIOUS_MOVE = YES;
				CLANG_WARN_UNGUARDED_AVAILABILITY = YES_AGGRESSIVE;
				CLANG_WARN_UNREACHABLE_CODE = YES;
				CLANG_WARN__DUPLICATE_METHOD_MATCH = YES;
				COPY_PHASE_STRIP = NO;
				DEBUG_INFORMATION_FORMAT = dwarf;
				ENABLE_STRICT_OBJC_MSGSEND = YES;
				ENABLE_TESTABILITY = YES;
				ENABLE_USER_SCRIPT_SANDBOXING = YES;
				GCC_C_LANGUAGE_STANDARD = gnu17;
				GCC_DYNAMIC_NO_PIC = NO;
				GCC_NO_COMMON_BLOCKS = YES;
				GCC_OPTIMIZATION_LEVEL = 0;
				GCC_PREPROCESSOR_DEFINITIONS = (
					"DEBUG=1",
					"$(inherited)",
				);
				GCC_WARN_64_TO_32_BIT_CONVERSION = YES;
				GCC_WARN_ABOUT_RETURN_TYPE = YES_ERROR;
				GCC_WARN_UNDECLARED_SELECTOR = YES;
				GCC_WARN_UNINITIALIZED_AUTOS = YES_AGGRESSIVE;
				GCC_WARN_UNUSED_FUNCTION = YES;
				GCC_WARN_UNUSED_VARIABLE = YES;
				IPHONEOS_DEPLOYMENT_TARGET = 17.5;
				LOCALIZATION_PREFERS_STRING_CATALOGS = YES;
				MTL_ENABLE_DEBUG_INFO = INCLUDE_SOURCE;
				MTL_FAST_MATH = YES;
				ONLY_ACTIVE_ARCH = YES;
				SDKROOT = iphoneos;
				SWIFT_ACTIVE_COMPILATION_CONDITIONS = "DEBUG $(inherited)";
				SWIFT_OPTIMIZATION_LEVEL = "-Onone";
			};
			name = Debug;
		};
		916E065B2C98CDAA0051C53F /* Release */ = {
			isa = XCBuildConfiguration;
			buildSettings = {
				ALWAYS_SEARCH_USER_PATHS = NO;
				ASSETCATALOG_COMPILER_GENERATE_SWIFT_ASSET_SYMBOL_EXTENSIONS = YES;
				CLANG_ANALYZER_NONNULL = YES;
				CLANG_ANALYZER_NUMBER_OBJECT_CONVERSION = YES_AGGRESSIVE;
				CLANG_CXX_LANGUAGE_STANDARD = "gnu++20";
				CLANG_ENABLE_MODULES = YES;
				CLANG_ENABLE_OBJC_ARC = YES;
				CLANG_ENABLE_OBJC_WEAK = YES;
				CLANG_WARN_BLOCK_CAPTURE_AUTORELEASING = YES;
				CLANG_WARN_BOOL_CONVERSION = YES;
				CLANG_WARN_COMMA = YES;
				CLANG_WARN_CONSTANT_CONVERSION = YES;
				CLANG_WARN_DEPRECATED_OBJC_IMPLEMENTATIONS = YES;
				CLANG_WARN_DIRECT_OBJC_ISA_USAGE = YES_ERROR;
				CLANG_WARN_DOCUMENTATION_COMMENTS = YES;
				CLANG_WARN_EMPTY_BODY = YES;
				CLANG_WARN_ENUM_CONVERSION = YES;
				CLANG_WARN_INFINITE_RECURSION = YES;
				CLANG_WARN_INT_CONVERSION = YES;
				CLANG_WARN_NON_LITERAL_NULL_CONVERSION = YES;
				CLANG_WARN_OBJC_IMPLICIT_RETAIN_SELF = YES;
				CLANG_WARN_OBJC_LITERAL_CONVERSION = YES;
				CLANG_WARN_OBJC_ROOT_CLASS = YES_ERROR;
				CLANG_WARN_QUOTED_INCLUDE_IN_FRAMEWORK_HEADER = YES;
				CLANG_WARN_RANGE_LOOP_ANALYSIS = YES;
				CLANG_WARN_STRICT_PROTOTYPES = YES;
				CLANG_WARN_SUSPICIOUS_MOVE = YES;
				CLANG_WARN_UNGUARDED_AVAILABILITY = YES_AGGRESSIVE;
				CLANG_WARN_UNREACHABLE_CODE = YES;
				CLANG_WARN__DUPLICATE_METHOD_MATCH = YES;
				COPY_PHASE_STRIP = NO;
				DEBUG_INFORMATION_FORMAT = "dwarf-with-dsym";
				ENABLE_NS_ASSERTIONS = NO;
				ENABLE_STRICT_OBJC_MSGSEND = YES;
				ENABLE_USER_SCRIPT_SANDBOXING = YES;
				GCC_C_LANGUAGE_STANDARD = gnu17;
				GCC_NO_COMMON_BLOCKS = YES;
				GCC_WARN_64_TO_32_BIT_CONVERSION = YES;
				GCC_WARN_ABOUT_RETURN_TYPE = YES_ERROR;
				GCC_WARN_UNDECLARED_SELECTOR = YES;
				GCC_WARN_UNINITIALIZED_AUTOS = YES_AGGRESSIVE;
				GCC_WARN_UNUSED_FUNCTION = YES;
				GCC_WARN_UNUSED_VARIABLE = YES;
				IPHONEOS_DEPLOYMENT_TARGET = 17.5;
				LOCALIZATION_PREFERS_STRING_CATALOGS = YES;
				MTL_ENABLE_DEBUG_INFO = NO;
				MTL_FAST_MATH = YES;
				SDKROOT = iphoneos;
				SWIFT_COMPILATION_MODE = wholemodule;
				VALIDATE_PRODUCT = YES;
			};
			name = Release;
		};
		916E065D2C98CDAA0051C53F /* Debug */ = {
			isa = XCBuildConfiguration;
			buildSettings = {
				ASSETCATALOG_COMPILER_APPICON_NAME = AppIcon;
				ASSETCATALOG_COMPILER_GLOBAL_ACCENT_COLOR_NAME = AccentColor;
				CODE_SIGN_STYLE = Automatic;
				CURRENT_PROJECT_VERSION = 1;
				DEVELOPMENT_TEAM = A3LZG7RDC6;
				GENERATE_INFOPLIST_FILE = YES;
				INFOPLIST_FILE = flotipios/Info.plist;
				INFOPLIST_KEY_CFBundleDisplayName = Flotip;
				INFOPLIST_KEY_UIApplicationSupportsIndirectInputEvents = YES;
				INFOPLIST_KEY_UILaunchStoryboardName = LaunchScreen;
				INFOPLIST_KEY_UISupportedInterfaceOrientations_iPad = "UIInterfaceOrientationPortrait UIInterfaceOrientationPortraitUpsideDown UIInterfaceOrientationLandscapeLeft UIInterfaceOrientationLandscapeRight";
				INFOPLIST_KEY_UISupportedInterfaceOrientations_iPhone = "UIInterfaceOrientationPortrait UIInterfaceOrientationLandscapeLeft UIInterfaceOrientationLandscapeRight";
				LD_RUNPATH_SEARCH_PATHS = (
					"$(inherited)",
					"@executable_path/Frameworks",
				);
				MARKETING_VERSION = 1.0;
				PRODUCT_BUNDLE_IDENTIFIER = com.flotip.flotipios;
				PRODUCT_NAME = "$(TARGET_NAME)";
				SWIFT_EMIT_LOC_STRINGS = YES;
				SWIFT_VERSION = 5.0;
				TARGETED_DEVICE_FAMILY = "1,2";
			};
			name = Debug;
		};
		916E065E2C98CDAA0051C53F /* Release */ = {
			isa = XCBuildConfiguration;
			buildSettings = {
				ASSETCATALOG_COMPILER_APPICON_NAME = AppIcon;
				ASSETCATALOG_COMPILER_GLOBAL_ACCENT_COLOR_NAME = AccentColor;
				CODE_SIGN_STYLE = Automatic;
				CURRENT_PROJECT_VERSION = 1;
				DEVELOPMENT_TEAM = A3LZG7RDC6;
				GENERATE_INFOPLIST_FILE = YES;
				INFOPLIST_FILE = flotipios/Info.plist;
				INFOPLIST_KEY_CFBundleDisplayName = flotip;
				INFOPLIST_KEY_UIApplicationSupportsIndirectInputEvents = YES;
				INFOPLIST_KEY_UILaunchStoryboardName = LaunchScreen;
				INFOPLIST_KEY_UISupportedInterfaceOrientations_iPad = "UIInterfaceOrientationPortrait UIInterfaceOrientationPortraitUpsideDown UIInterfaceOrientationLandscapeLeft UIInterfaceOrientationLandscapeRight";
				INFOPLIST_KEY_UISupportedInterfaceOrientations_iPhone = "UIInterfaceOrientationPortrait UIInterfaceOrientationLandscapeLeft UIInterfaceOrientationLandscapeRight";
				LD_RUNPATH_SEARCH_PATHS = (
					"$(inherited)",
					"@executable_path/Frameworks",
				);
				MARKETING_VERSION = 1.0;
				PRODUCT_BUNDLE_IDENTIFIER = com.flotip.flotipios;
				PRODUCT_NAME = "$(TARGET_NAME)";
				SWIFT_EMIT_LOC_STRINGS = YES;
				SWIFT_VERSION = 5.0;
				TARGETED_DEVICE_FAMILY = "1,2";
			};
			name = Release;
		};
		916E06602C98CDAA0051C53F /* Debug */ = {
			isa = XCBuildConfiguration;
			buildSettings = {
				ALWAYS_EMBED_SWIFT_STANDARD_LIBRARIES = YES;
				BUNDLE_LOADER = "$(TEST_HOST)";
				CODE_SIGN_STYLE = Automatic;
				CURRENT_PROJECT_VERSION = 1;
				DEVELOPMENT_TEAM = A3LZG7RDC6;
				GENERATE_INFOPLIST_FILE = YES;
				IPHONEOS_DEPLOYMENT_TARGET = 17.5;
				MARKETING_VERSION = 1.0;
				PRODUCT_BUNDLE_IDENTIFIER = com.flotip.flotipiosTests;
				PRODUCT_NAME = "$(TARGET_NAME)";
				SWIFT_EMIT_LOC_STRINGS = NO;
				SWIFT_VERSION = 5.0;
				TARGETED_DEVICE_FAMILY = "1,2";
				TEST_HOST = "$(BUILT_PRODUCTS_DIR)/flotipios.app/$(BUNDLE_EXECUTABLE_FOLDER_PATH)/flotipios";
			};
			name = Debug;
		};
		916E06612C98CDAA0051C53F /* Release */ = {
			isa = XCBuildConfiguration;
			buildSettings = {
				ALWAYS_EMBED_SWIFT_STANDARD_LIBRARIES = YES;
				BUNDLE_LOADER = "$(TEST_HOST)";
				CODE_SIGN_STYLE = Automatic;
				CURRENT_PROJECT_VERSION = 1;
				DEVELOPMENT_TEAM = A3LZG7RDC6;
				GENERATE_INFOPLIST_FILE = YES;
				IPHONEOS_DEPLOYMENT_TARGET = 17.5;
				MARKETING_VERSION = 1.0;
				PRODUCT_BUNDLE_IDENTIFIER = com.flotip.flotipiosTests;
				PRODUCT_NAME = "$(TARGET_NAME)";
				SWIFT_EMIT_LOC_STRINGS = NO;
				SWIFT_VERSION = 5.0;
				TARGETED_DEVICE_FAMILY = "1,2";
				TEST_HOST = "$(BUILT_PRODUCTS_DIR)/flotipios.app/$(BUNDLE_EXECUTABLE_FOLDER_PATH)/flotipios";
			};
			name = Release;
		};
		916E06632C98CDAA0051C53F /* Debug */ = {
			isa = XCBuildConfiguration;
			buildSettings = {
				ALWAYS_EMBED_SWIFT_STANDARD_LIBRARIES = YES;
				CODE_SIGN_STYLE = Automatic;
				CURRENT_PROJECT_VERSION = 1;
				DEVELOPMENT_TEAM = A3LZG7RDC6;
				GENERATE_INFOPLIST_FILE = YES;
				MARKETING_VERSION = 1.0;
				PRODUCT_BUNDLE_IDENTIFIER = com.flotip.flotipiosUITests;
				PRODUCT_NAME = "$(TARGET_NAME)";
				SWIFT_EMIT_LOC_STRINGS = NO;
				SWIFT_VERSION = 5.0;
				TARGETED_DEVICE_FAMILY = "1,2";
				TEST_TARGET_NAME = flotipios;
			};
			name = Debug;
		};
		916E06642C98CDAA0051C53F /* Release */ = {
			isa = XCBuildConfiguration;
			buildSettings = {
				ALWAYS_EMBED_SWIFT_STANDARD_LIBRARIES = YES;
				CODE_SIGN_STYLE = Automatic;
				CURRENT_PROJECT_VERSION = 1;
				DEVELOPMENT_TEAM = A3LZG7RDC6;
				GENERATE_INFOPLIST_FILE = YES;
				MARKETING_VERSION = 1.0;
				PRODUCT_BUNDLE_IDENTIFIER = com.flotip.flotipiosUITests;
				PRODUCT_NAME = "$(TARGET_NAME)";
				SWIFT_EMIT_LOC_STRINGS = NO;
				SWIFT_VERSION = 5.0;
				TARGETED_DEVICE_FAMILY = "1,2";
				TEST_TARGET_NAME = flotipios;
			};
			name = Release;
		};
/* End XCBuildConfiguration section */

/* Begin XCConfigurationList section */
		916E062A2C98CDA80051C53F /* Build configuration list for PBXProject "flotipios" */ = {
			isa = XCConfigurationList;
			buildConfigurations = (
				916E065A2C98CDAA0051C53F /* Debug */,
				916E065B2C98CDAA0051C53F /* Release */,
			);
			defaultConfigurationIsVisible = 0;
			defaultConfigurationName = Release;
		};
		916E065C2C98CDAA0051C53F /* Build configuration list for PBXNativeTarget "flotipios" */ = {
			isa = XCConfigurationList;
			buildConfigurations = (
				916E065D2C98CDAA0051C53F /* Debug */,
				916E065E2C98CDAA0051C53F /* Release */,
			);
			defaultConfigurationIsVisible = 0;
			defaultConfigurationName = Release;
		};
		916E065F2C98CDAA0051C53F /* Build configuration list for PBXNativeTarget "flotipiosTests" */ = {
			isa = XCConfigurationList;
			buildConfigurations = (
				916E06602C98CDAA0051C53F /* Debug */,
				916E06612C98CDAA0051C53F /* Release */,
			);
			defaultConfigurationIsVisible = 0;
			defaultConfigurationName = Release;
		};
		916E06622C98CDAA0051C53F /* Build configuration list for PBXNativeTarget "flotipiosUITests" */ = {
			isa = XCConfigurationList;
			buildConfigurations = (
				916E06632C98CDAA0051C53F /* Debug */,
				916E06642C98CDAA0051C53F /* Release */,
			);
			defaultConfigurationIsVisible = 0;
			defaultConfigurationName = Release;
		};
/* End XCConfigurationList section */

/* Begin XCVersionGroup section */
		916E063B2C98CDA80051C53F /* flotipios.xcdatamodeld */ = {
			isa = XCVersionGroup;
			children = (
				916E063C2C98CDA80051C53F /* flotipios.xcdatamodel */,
			);
			currentVersion = 916E063C2C98CDA80051C53F /* flotipios.xcdatamodel */;
			path = flotipios.xcdatamodeld;
			sourceTree = "<group>";
			versionGroupType = wrapper.xcdatamodel;
		};
/* End XCVersionGroup section */
	};
	rootObject = 916E06272C98CDA80051C53F /* Project object */;
}
