// !$*UTF8*$!
{
	archiveVersion = 1;
	classes = {
	};
	objectVersion = 56;
	objects = {

/* Begin PBXBuildFile section */
		80C0439960B34646DA0C2431 /* Pods_flotipios.framework in Frameworks */ = {isa = PBXBuildFile; fileRef = 66EDE123437DC9DB0089ACE7 /* Pods_flotipios.framework */; };
		9139553B2D065F7900C2A5BE /* HomeViewController.swift in Sources */ = {isa = PBXBuildFile; fileRef = 9139553A2D065F7300C2A5BE /* HomeViewController.swift */; };
		9139553E2D0769D400C2A5BE /* Photo.swift in Sources */ = {isa = PBXBuildFile; fileRef = 9139553D2D0769CE00C2A5BE /* Photo.swift */; };
		913955402D077C5B00C2A5BE /* PhotoCell.swift in Sources */ = {isa = PBXBuildFile; fileRef = 9139553F2D077C4600C2A5BE /* PhotoCell.swift */; };
		91454DC62CAC928B00D2FEED /* ChatController.swift in Sources */ = {isa = PBXBuildFile; fileRef = 91454DC52CAC928800D2FEED /* ChatController.swift */; };
		91454DC82CAC928F00D2FEED /* NewMessageController.swift in Sources */ = {isa = PBXBuildFile; fileRef = 91454DC72CAC928E00D2FEED /* NewMessageController.swift */; };
		91454DCA2CAC929C00D2FEED /* MessagesController.swift in Sources */ = {isa = PBXBuildFile; fileRef = 91454DC92CAC929200D2FEED /* MessagesController.swift */; };
		91454DCD2CAC945500D2FEED /* UploadPostVC.swift in Sources */ = {isa = PBXBuildFile; fileRef = 91454DCC2CAC945500D2FEED /* UploadPostVC.swift */; };
		91454DCF2CB3476C00D2FEED /* ImageCollectionController.swift in Sources */ = {isa = PBXBuildFile; fileRef = 91454DCE2CB3476C00D2FEED /* ImageCollectionController.swift */; };
		916115A12C98DEB800352967 /* Extensions.swift in Sources */ = {isa = PBXBuildFile; fileRef = 916115A02C98DEB800352967 /* Extensions.swift */; };
		916E06332C98CDA80051C53F /* AppDelegate.swift in Sources */ = {isa = PBXBuildFile; fileRef = 916E06322C98CDA80051C53F /* AppDelegate.swift */; };
		916E063D2C98CDA80051C53F /* flotipios.xcdatamodeld in Sources */ = {isa = PBXBuildFile; fileRef = 916E063B2C98CDA80051C53F /* flotipios.xcdatamodeld */; };
		916E063F2C98CDA90051C53F /* Assets.xcassets in Resources */ = {isa = PBXBuildFile; fileRef = 916E063E2C98CDA90051C53F /* Assets.xcassets */; };
		916E06422C98CDA90051C53F /* Base in Resources */ = {isa = PBXBuildFile; fileRef = 916E06412C98CDA90051C53F /* Base */; };
		916E064D2C98CDAA0051C53F /* flotipiosTests.swift in Sources */ = {isa = PBXBuildFile; fileRef = 916E064C2C98CDAA0051C53F /* flotipiosTests.swift */; };
		916E06572C98CDAA0051C53F /* flotipiosUITests.swift in Sources */ = {isa = PBXBuildFile; fileRef = 916E06562C98CDAA0051C53F /* flotipiosUITests.swift */; };
		916E06592C98CDAA0051C53F /* flotipiosUITestsLaunchTests.swift in Sources */ = {isa = PBXBuildFile; fileRef = 916E06582C98CDAA0051C53F /* flotipiosUITestsLaunchTests.swift */; };
		9172AE892CA5DED300E14005 /* FeedVC.swift in Sources */ = {isa = PBXBuildFile; fileRef = 9172AE882CA5DED300E14005 /* FeedVC.swift */; };
		9172AE8E2CA5DF6400E14005 /* SearchVC.swift in Sources */ = {isa = PBXBuildFile; fileRef = 9172AE8D2CA5DF6400E14005 /* SearchVC.swift */; };
		9172AE952CA5F0DE00E14005 /* NotificationsVC.swift in Sources */ = {isa = PBXBuildFile; fileRef = 9172AE942CA5F0DD00E14005 /* NotificationsVC.swift */; };
		9172AE992CA5F9E100E14005 /* BrowserViewController.swift in Sources */ = {isa = PBXBuildFile; fileRef = 9172AE982CA5F9E100E14005 /* BrowserViewController.swift */; };
		91821C492CA602060095147E /* Protocols.swift in Sources */ = {isa = PBXBuildFile; fileRef = 91821C482CA602010095147E /* Protocols.swift */; };
		91821C4B2CA606E90095147E /* UserProfileVC.swift in Sources */ = {isa = PBXBuildFile; fileRef = 91821C4A2CA606E90095147E /* UserProfileVC.swift */; };
		91821C4F2CA82E460095147E /* YourViewController.swift in Sources */ = {isa = PBXBuildFile; fileRef = 91821C4E2CA82E460095147E /* YourViewController.swift */; };
		91821C512CA9DC3F0095147E /* Constants.swift in Sources */ = {isa = PBXBuildFile; fileRef = 91821C502CA9DC3F0095147E /* Constants.swift */; };
		91821C532CA9DC650095147E /* CustomImageView.swift in Sources */ = {isa = PBXBuildFile; fileRef = 91821C522CA9DC650095147E /* CustomImageView.swift */; };
		91821C562CA9DCB30095147E /* User.swift in Sources */ = {isa = PBXBuildFile; fileRef = 91821C552CA9DCB30095147E /* User.swift */; };
		91821C5A2CA9DCEA0095147E /* Post.swift in Sources */ = {isa = PBXBuildFile; fileRef = 91821C592CA9DCEA0095147E /* Post.swift */; };
		91821C5C2CA9DD330095147E /* Comment.swift in Sources */ = {isa = PBXBuildFile; fileRef = 91821C5B2CA9DD330095147E /* Comment.swift */; };
		91821C5E2CA9DD540095147E /* Notification.swift in Sources */ = {isa = PBXBuildFile; fileRef = 91821C5D2CA9DD540095147E /* Notification.swift */; };
		91821C602CA9DD6F0095147E /* Message.swift in Sources */ = {isa = PBXBuildFile; fileRef = 91821C5F2CA9DD6F0095147E /* Message.swift */; };
		91821C622CA9E99D0095147E /* UserProfileHeader.swift in Sources */ = {isa = PBXBuildFile; fileRef = 91821C612CA9E99D0095147E /* UserProfileHeader.swift */; };
		91821C642CA9E9E80095147E /* SearchUserCell.swift in Sources */ = {isa = PBXBuildFile; fileRef = 91821C632CA9E9E80095147E /* SearchUserCell.swift */; };
		91821C682CA9EAB90095147E /* FeedCell.swift in Sources */ = {isa = PBXBuildFile; fileRef = 91821C672CA9EAB90095147E /* FeedCell.swift */; };
		91A7AAEB2C98DC6D00F78D52 /* LoginVC.swift in Sources */ = {isa = PBXBuildFile; fileRef = 91A7AAEA2C98DC6D00F78D52 /* LoginVC.swift */; };
		91AA5D3F2CA3440A00ED4B07 /* ForgotPasswordVC.swift in Sources */ = {isa = PBXBuildFile; fileRef = 91AA5D3E2CA3440A00ED4B07 /* ForgotPasswordVC.swift */; };
		91AA5D412CA3514A00ED4B07 /* SignUpVC.swift in Sources */ = {isa = PBXBuildFile; fileRef = 91AA5D402CA3514A00ED4B07 /* SignUpVC.swift */; };
		91B4930C2CA4C0A200CB8122 /* SceneDelegate.swift in Sources */ = {isa = PBXBuildFile; fileRef = 91B4930B2CA4C0A200CB8122 /* SceneDelegate.swift */; };
		91B4930E2CA4C19400CB8122 /* GoogleService-Info.plist in Resources */ = {isa = PBXBuildFile; fileRef = 91B4930D2CA4C19400CB8122 /* GoogleService-Info.plist */; };
		91B4932E2CA5CEB000CB8122 /* MainTabVC.swift in Sources */ = {isa = PBXBuildFile; fileRef = 91B4932D2CA5CEB000CB8122 /* MainTabVC.swift */; };
		91D5E4A12CA9FA9D001A2B9B /* FollowLikeCell.swift in Sources */ = {isa = PBXBuildFile; fileRef = 91D5E4A02CA9FA9D001A2B9B /* FollowLikeCell.swift */; };
		91D5E4A42CAB30AC001A2B9B /* CommentInputAccesoryView.swift in Sources */ = {isa = PBXBuildFile; fileRef = 91D5E4A32CAB30AC001A2B9B /* CommentInputAccesoryView.swift */; };
		91D5E4A62CAB30CD001A2B9B /* InputTextView.swift in Sources */ = {isa = PBXBuildFile; fileRef = 91D5E4A52CAB30CC001A2B9B /* InputTextView.swift */; };
		91D5E4A82CAB30E0001A2B9B /* CommentCell.swift in Sources */ = {isa = PBXBuildFile; fileRef = 91D5E4A72CAB30DE001A2B9B /* CommentCell.swift */; };
		91D5E4AA2CAB3146001A2B9B /* NotificationCell.swift in Sources */ = {isa = PBXBuildFile; fileRef = 91D5E4A92CAB3146001A2B9B /* NotificationCell.swift */; };
		91D5E4AC2CAB3170001A2B9B /* SearchPostCell.swift in Sources */ = {isa = PBXBuildFile; fileRef = 91D5E4AB2CAB3170001A2B9B /* SearchPostCell.swift */; };
		91D5E4AE2CAB318B001A2B9B /* HashtagCell.swift in Sources */ = {isa = PBXBuildFile; fileRef = 91D5E4AD2CAB318B001A2B9B /* HashtagCell.swift */; };
		91D5E4B02CAB3215001A2B9B /* MessageInputAccesoryView.swift in Sources */ = {isa = PBXBuildFile; fileRef = 91D5E4AF2CAB3215001A2B9B /* MessageInputAccesoryView.swift */; };
		91D5E4B22CAB329B001A2B9B /* MessageInputTextView.swift in Sources */ = {isa = PBXBuildFile; fileRef = 91D5E4B12CAB329B001A2B9B /* MessageInputTextView.swift */; };
		91D5E4B42CAB37E3001A2B9B /* MessageCell.swift in Sources */ = {isa = PBXBuildFile; fileRef = 91D5E4B32CAB37E3001A2B9B /* MessageCell.swift */; };
		91D5E4B62CAB387B001A2B9B /* NewMessageCell.swift in Sources */ = {isa = PBXBuildFile; fileRef = 91D5E4B52CAB387B001A2B9B /* NewMessageCell.swift */; };
		91D5E4B82CAB390E001A2B9B /* ChatCell.swift in Sources */ = {isa = PBXBuildFile; fileRef = 91D5E4B72CAB390E001A2B9B /* ChatCell.swift */; };
		91D5E4BA2CAB3931001A2B9B /* MessageNotificationView.swift in Sources */ = {isa = PBXBuildFile; fileRef = 91D5E4B92CAB3921001A2B9B /* MessageNotificationView.swift */; };
		91D5E4BC2CAB39DE001A2B9B /* SettingsViewController.swift in Sources */ = {isa = PBXBuildFile; fileRef = 91D5E4BB2CAB39DE001A2B9B /* SettingsViewController.swift */; };
		91D5E4BE2CAB3A12001A2B9B /* SettingsModels.swift in Sources */ = {isa = PBXBuildFile; fileRef = 91D5E4BD2CAB3A12001A2B9B /* SettingsModels.swift */; };
		91D5E4C02CAB3A3A001A2B9B /* SecondViewController.swift in Sources */ = {isa = PBXBuildFile; fileRef = 91D5E4BF2CAB3A3A001A2B9B /* SecondViewController.swift */; };
		91D5E4C22CAB3A68001A2B9B /* ImageCell.swift in Sources */ = {isa = PBXBuildFile; fileRef = 91D5E4C12CAB3A68001A2B9B /* ImageCell.swift */; };
		91D5E4C42CAB3AC9001A2B9B /* CommentVC.swift in Sources */ = {isa = PBXBuildFile; fileRef = 91D5E4C32CAB3AC9001A2B9B /* CommentVC.swift */; };
		91D5E4C62CAB3AE7001A2B9B /* HashtagController.swift in Sources */ = {isa = PBXBuildFile; fileRef = 91D5E4C52CAB3AE7001A2B9B /* HashtagController.swift */; };
		91D5E4C82CAB3D06001A2B9B /* FollowLikeVC.swift in Sources */ = {isa = PBXBuildFile; fileRef = 91D5E4C72CAB3CFA001A2B9B /* FollowLikeVC.swift */; };
		91D5E4CC2CAB3D9F001A2B9B /* EditProfileController.swift in Sources */ = {isa = PBXBuildFile; fileRef = 91D5E4CB2CAB3D9F001A2B9B /* EditProfileController.swift */; };
		91D5E4CE2CAB3E06001A2B9B /* UserPostCell.swift in Sources */ = {isa = PBXBuildFile; fileRef = 91D5E4CD2CAB3E06001A2B9B /* UserPostCell.swift */; };
		91ECAC3F2CC41E950052A10E /* AlermManager.swift in Sources */ = {isa = PBXBuildFile; fileRef = 91ECAC3E2CC41E7F0052A10E /* AlermManager.swift */; };
		91F8D7562D02665D0043F74E /* Database.swift in Sources */ = {isa = PBXBuildFile; fileRef = 91F8D7552D0266590043F74E /* Database.swift */; };
/* End PBXBuildFile section */

/* Begin PBXContainerItemProxy section */
		916E06492C98CDAA0051C53F /* PBXContainerItemProxy */ = {
			isa = PBXContainerItemProxy;
			containerPortal = 916E06272C98CDA80051C53F /* Project object */;
			proxyType = 1;
			remoteGlobalIDString = 916E062E2C98CDA80051C53F;
			remoteInfo = flotipios;
		};
		916E06532C98CDAA0051C53F /* PBXContainerItemProxy */ = {
			isa = PBXContainerItemProxy;
			containerPortal = 916E06272C98CDA80051C53F /* Project object */;
			proxyType = 1;
			remoteGlobalIDString = 916E062E2C98CDA80051C53F;
			remoteInfo = flotipios;
		};
/* End PBXContainerItemProxy section */

/* Begin PBXFileReference section */
		34554ABCA9D47732C833AD4C /* Pods-flotipios.debug.xcconfig */ = {isa = PBXFileReference; includeInIndex = 1; lastKnownFileType = text.xcconfig; name = "Pods-flotipios.debug.xcconfig"; path = "Target Support Files/Pods-flotipios/Pods-flotipios.debug.xcconfig"; sourceTree = "<group>"; };
		66EDE123437DC9DB0089ACE7 /* Pods_flotipios.framework */ = {isa = PBXFileReference; explicitFileType = wrapper.framework; includeInIndex = 0; path = Pods_flotipios.framework; sourceTree = BUILT_PRODUCTS_DIR; };
		9139553A2D065F7300C2A5BE /* HomeViewController.swift */ = {isa = PBXFileReference; lastKnownFileType = sourcecode.swift; path = HomeViewController.swift; sourceTree = "<group>"; };
		9139553D2D0769CE00C2A5BE /* Photo.swift */ = {isa = PBXFileReference; lastKnownFileType = sourcecode.swift; path = Photo.swift; sourceTree = "<group>"; };
		9139553F2D077C4600C2A5BE /* PhotoCell.swift */ = {isa = PBXFileReference; lastKnownFileType = sourcecode.swift; path = PhotoCell.swift; sourceTree = "<group>"; };
		91454DC52CAC928800D2FEED /* ChatController.swift */ = {isa = PBXFileReference; lastKnownFileType = sourcecode.swift; path = ChatController.swift; sourceTree = "<group>"; };
		91454DC72CAC928E00D2FEED /* NewMessageController.swift */ = {isa = PBXFileReference; lastKnownFileType = sourcecode.swift; path = NewMessageController.swift; sourceTree = "<group>"; };
		91454DC92CAC929200D2FEED /* MessagesController.swift */ = {isa = PBXFileReference; lastKnownFileType = sourcecode.swift; path = MessagesController.swift; sourceTree = "<group>"; };
		91454DCC2CAC945500D2FEED /* UploadPostVC.swift */ = {isa = PBXFileReference; lastKnownFileType = sourcecode.swift; path = UploadPostVC.swift; sourceTree = "<group>"; };
		91454DCE2CB3476C00D2FEED /* ImageCollectionController.swift */ = {isa = PBXFileReference; lastKnownFileType = sourcecode.swift; path = ImageCollectionController.swift; sourceTree = "<group>"; };
		91454DD02CB44D8400D2FEED /* flotipios.entitlements */ = {isa = PBXFileReference; lastKnownFileType = text.plist.entitlements; path = flotipios.entitlements; sourceTree = "<group>"; };
		91454E172CB4875300D2FEED /* flotipiosRelease.entitlements */ = {isa = PBXFileReference; lastKnownFileType = text.plist.entitlements; path = flotipiosRelease.entitlements; sourceTree = "<group>"; };
		916115A02C98DEB800352967 /* Extensions.swift */ = {isa = PBXFileReference; lastKnownFileType = sourcecode.swift; path = Extensions.swift; sourceTree = "<group>"; };
		916E062F2C98CDA80051C53F /* flotipios.app */ = {isa = PBXFileReference; explicitFileType = wrapper.application; includeInIndex = 0; path = flotipios.app; sourceTree = BUILT_PRODUCTS_DIR; };
		916E06322C98CDA80051C53F /* AppDelegate.swift */ = {isa = PBXFileReference; lastKnownFileType = sourcecode.swift; path = AppDelegate.swift; sourceTree = "<group>"; };
		916E063C2C98CDA80051C53F /* flotipios.xcdatamodel */ = {isa = PBXFileReference; lastKnownFileType = wrapper.xcdatamodel; path = flotipios.xcdatamodel; sourceTree = "<group>"; };
		916E063E2C98CDA90051C53F /* Assets.xcassets */ = {isa = PBXFileReference; lastKnownFileType = folder.assetcatalog; path = Assets.xcassets; sourceTree = "<group>"; };
		916E06412C98CDA90051C53F /* Base */ = {isa = PBXFileReference; lastKnownFileType = file.storyboard; name = Base; path = Base.lproj/LaunchScreen.storyboard; sourceTree = "<group>"; };
		916E06432C98CDA90051C53F /* Info.plist */ = {isa = PBXFileReference; lastKnownFileType = text.plist.xml; path = Info.plist; sourceTree = "<group>"; };
		916E06482C98CDAA0051C53F /* flotipiosTests.xctest */ = {isa = PBXFileReference; explicitFileType = wrapper.cfbundle; includeInIndex = 0; path = flotipiosTests.xctest; sourceTree = BUILT_PRODUCTS_DIR; };
		916E064C2C98CDAA0051C53F /* flotipiosTests.swift */ = {isa = PBXFileReference; lastKnownFileType = sourcecode.swift; path = flotipiosTests.swift; sourceTree = "<group>"; };
		916E06522C98CDAA0051C53F /* flotipiosUITests.xctest */ = {isa = PBXFileReference; explicitFileType = wrapper.cfbundle; includeInIndex = 0; path = flotipiosUITests.xctest; sourceTree = BUILT_PRODUCTS_DIR; };
		916E06562C98CDAA0051C53F /* flotipiosUITests.swift */ = {isa = PBXFileReference; lastKnownFileType = sourcecode.swift; path = flotipiosUITests.swift; sourceTree = "<group>"; };
		916E06582C98CDAA0051C53F /* flotipiosUITestsLaunchTests.swift */ = {isa = PBXFileReference; lastKnownFileType = sourcecode.swift; path = flotipiosUITestsLaunchTests.swift; sourceTree = "<group>"; };
		9172AE882CA5DED300E14005 /* FeedVC.swift */ = {isa = PBXFileReference; lastKnownFileType = sourcecode.swift; path = FeedVC.swift; sourceTree = "<group>"; };
		9172AE8D2CA5DF6400E14005 /* SearchVC.swift */ = {isa = PBXFileReference; lastKnownFileType = sourcecode.swift; path = SearchVC.swift; sourceTree = "<group>"; };
		9172AE942CA5F0DD00E14005 /* NotificationsVC.swift */ = {isa = PBXFileReference; lastKnownFileType = sourcecode.swift; path = NotificationsVC.swift; sourceTree = "<group>"; };
		9172AE982CA5F9E100E14005 /* BrowserViewController.swift */ = {isa = PBXFileReference; lastKnownFileType = sourcecode.swift; path = BrowserViewController.swift; sourceTree = "<group>"; };
		91821C482CA602010095147E /* Protocols.swift */ = {isa = PBXFileReference; lastKnownFileType = sourcecode.swift; path = Protocols.swift; sourceTree = "<group>"; };
		91821C4A2CA606E90095147E /* UserProfileVC.swift */ = {isa = PBXFileReference; lastKnownFileType = sourcecode.swift; path = UserProfileVC.swift; sourceTree = "<group>"; };
		91821C4E2CA82E460095147E /* YourViewController.swift */ = {isa = PBXFileReference; lastKnownFileType = sourcecode.swift; path = YourViewController.swift; sourceTree = "<group>"; };
		91821C502CA9DC3F0095147E /* Constants.swift */ = {isa = PBXFileReference; lastKnownFileType = sourcecode.swift; path = Constants.swift; sourceTree = "<group>"; };
		91821C522CA9DC650095147E /* CustomImageView.swift */ = {isa = PBXFileReference; lastKnownFileType = sourcecode.swift; path = CustomImageView.swift; sourceTree = "<group>"; };
		91821C552CA9DCB30095147E /* User.swift */ = {isa = PBXFileReference; lastKnownFileType = sourcecode.swift; path = User.swift; sourceTree = "<group>"; };
		91821C592CA9DCEA0095147E /* Post.swift */ = {isa = PBXFileReference; lastKnownFileType = sourcecode.swift; path = Post.swift; sourceTree = "<group>"; };
		91821C5B2CA9DD330095147E /* Comment.swift */ = {isa = PBXFileReference; lastKnownFileType = sourcecode.swift; path = Comment.swift; sourceTree = "<group>"; };
		91821C5D2CA9DD540095147E /* Notification.swift */ = {isa = PBXFileReference; lastKnownFileType = sourcecode.swift; path = Notification.swift; sourceTree = "<group>"; };
		91821C5F2CA9DD6F0095147E /* Message.swift */ = {isa = PBXFileReference; lastKnownFileType = sourcecode.swift; path = Message.swift; sourceTree = "<group>"; };
		91821C612CA9E99D0095147E /* UserProfileHeader.swift */ = {isa = PBXFileReference; lastKnownFileType = sourcecode.swift; path = UserProfileHeader.swift; sourceTree = "<group>"; };
		91821C632CA9E9E80095147E /* SearchUserCell.swift */ = {isa = PBXFileReference; lastKnownFileType = sourcecode.swift; path = SearchUserCell.swift; sourceTree = "<group>"; };
		91821C672CA9EAB90095147E /* FeedCell.swift */ = {isa = PBXFileReference; lastKnownFileType = sourcecode.swift; path = FeedCell.swift; sourceTree = "<group>"; };
		91A7AAEA2C98DC6D00F78D52 /* LoginVC.swift */ = {isa = PBXFileReference; lastKnownFileType = sourcecode.swift; path = LoginVC.swift; sourceTree = "<group>"; };
		91AA5D3E2CA3440A00ED4B07 /* ForgotPasswordVC.swift */ = {isa = PBXFileReference; lastKnownFileType = sourcecode.swift; path = ForgotPasswordVC.swift; sourceTree = "<group>"; };
		91AA5D402CA3514A00ED4B07 /* SignUpVC.swift */ = {isa = PBXFileReference; lastKnownFileType = sourcecode.swift; path = SignUpVC.swift; sourceTree = "<group>"; };
		91B4930B2CA4C0A200CB8122 /* SceneDelegate.swift */ = {isa = PBXFileReference; lastKnownFileType = sourcecode.swift; path = SceneDelegate.swift; sourceTree = "<group>"; };
		91B4930D2CA4C19400CB8122 /* GoogleService-Info.plist */ = {isa = PBXFileReference; lastKnownFileType = text.plist.xml; path = "GoogleService-Info.plist"; sourceTree = "<group>"; };
		91B4932D2CA5CEB000CB8122 /* MainTabVC.swift */ = {isa = PBXFileReference; lastKnownFileType = sourcecode.swift; path = MainTabVC.swift; sourceTree = "<group>"; };
		91D5E4A02CA9FA9D001A2B9B /* FollowLikeCell.swift */ = {isa = PBXFileReference; lastKnownFileType = sourcecode.swift; path = FollowLikeCell.swift; sourceTree = "<group>"; };
		91D5E4A32CAB30AC001A2B9B /* CommentInputAccesoryView.swift */ = {isa = PBXFileReference; lastKnownFileType = sourcecode.swift; path = CommentInputAccesoryView.swift; sourceTree = "<group>"; };
		91D5E4A52CAB30CC001A2B9B /* InputTextView.swift */ = {isa = PBXFileReference; lastKnownFileType = sourcecode.swift; path = InputTextView.swift; sourceTree = "<group>"; };
		91D5E4A72CAB30DE001A2B9B /* CommentCell.swift */ = {isa = PBXFileReference; lastKnownFileType = sourcecode.swift; path = CommentCell.swift; sourceTree = "<group>"; };
		91D5E4A92CAB3146001A2B9B /* NotificationCell.swift */ = {isa = PBXFileReference; lastKnownFileType = sourcecode.swift; path = NotificationCell.swift; sourceTree = "<group>"; };
		91D5E4AB2CAB3170001A2B9B /* SearchPostCell.swift */ = {isa = PBXFileReference; lastKnownFileType = sourcecode.swift; path = SearchPostCell.swift; sourceTree = "<group>"; };
		91D5E4AD2CAB318B001A2B9B /* HashtagCell.swift */ = {isa = PBXFileReference; lastKnownFileType = sourcecode.swift; path = HashtagCell.swift; sourceTree = "<group>"; };
		91D5E4AF2CAB3215001A2B9B /* MessageInputAccesoryView.swift */ = {isa = PBXFileReference; lastKnownFileType = sourcecode.swift; path = MessageInputAccesoryView.swift; sourceTree = "<group>"; };
		91D5E4B12CAB329B001A2B9B /* MessageInputTextView.swift */ = {isa = PBXFileReference; lastKnownFileType = sourcecode.swift; path = MessageInputTextView.swift; sourceTree = "<group>"; };
		91D5E4B32CAB37E3001A2B9B /* MessageCell.swift */ = {isa = PBXFileReference; lastKnownFileType = sourcecode.swift; path = MessageCell.swift; sourceTree = "<group>"; };
		91D5E4B52CAB387B001A2B9B /* NewMessageCell.swift */ = {isa = PBXFileReference; lastKnownFileType = sourcecode.swift; path = NewMessageCell.swift; sourceTree = "<group>"; };
		91D5E4B72CAB390E001A2B9B /* ChatCell.swift */ = {isa = PBXFileReference; lastKnownFileType = sourcecode.swift; path = ChatCell.swift; sourceTree = "<group>"; };
		91D5E4B92CAB3921001A2B9B /* MessageNotificationView.swift */ = {isa = PBXFileReference; lastKnownFileType = sourcecode.swift; path = MessageNotificationView.swift; sourceTree = "<group>"; };
		91D5E4BB2CAB39DE001A2B9B /* SettingsViewController.swift */ = {isa = PBXFileReference; lastKnownFileType = sourcecode.swift; path = SettingsViewController.swift; sourceTree = "<group>"; };
		91D5E4BD2CAB3A12001A2B9B /* SettingsModels.swift */ = {isa = PBXFileReference; lastKnownFileType = sourcecode.swift; path = SettingsModels.swift; sourceTree = "<group>"; };
		91D5E4BF2CAB3A3A001A2B9B /* SecondViewController.swift */ = {isa = PBXFileReference; lastKnownFileType = sourcecode.swift; path = SecondViewController.swift; sourceTree = "<group>"; };
		91D5E4C12CAB3A68001A2B9B /* ImageCell.swift */ = {isa = PBXFileReference; lastKnownFileType = sourcecode.swift; path = ImageCell.swift; sourceTree = "<group>"; };
		91D5E4C32CAB3AC9001A2B9B /* CommentVC.swift */ = {isa = PBXFileReference; lastKnownFileType = sourcecode.swift; path = CommentVC.swift; sourceTree = "<group>"; };
		91D5E4C52CAB3AE7001A2B9B /* HashtagController.swift */ = {isa = PBXFileReference; lastKnownFileType = sourcecode.swift; path = HashtagController.swift; sourceTree = "<group>"; };
		91D5E4C72CAB3CFA001A2B9B /* FollowLikeVC.swift */ = {isa = PBXFileReference; lastKnownFileType = sourcecode.swift; path = FollowLikeVC.swift; sourceTree = "<group>"; };
		91D5E4CB2CAB3D9F001A2B9B /* EditProfileController.swift */ = {isa = PBXFileReference; lastKnownFileType = sourcecode.swift; path = EditProfileController.swift; sourceTree = "<group>"; };
		91D5E4CD2CAB3E06001A2B9B /* UserPostCell.swift */ = {isa = PBXFileReference; lastKnownFileType = sourcecode.swift; path = UserPostCell.swift; sourceTree = "<group>"; };
		91ECAC3E2CC41E7F0052A10E /* AlermManager.swift */ = {isa = PBXFileReference; lastKnownFileType = sourcecode.swift; path = AlermManager.swift; sourceTree = "<group>"; };
		91F8D7552D0266590043F74E /* Database.swift */ = {isa = PBXFileReference; lastKnownFileType = sourcecode.swift; path = Database.swift; sourceTree = "<group>"; };
		93CCF4FB9D5D3C5B2EC12170 /* Pods-flotipios.release.xcconfig */ = {isa = PBXFileReference; includeInIndex = 1; lastKnownFileType = text.xcconfig; name = "Pods-flotipios.release.xcconfig"; path = "Target Support Files/Pods-flotipios/Pods-flotipios.release.xcconfig"; sourceTree = "<group>"; };
/* End PBXFileReference section */

/* Begin PBXFrameworksBuildPhase section */
		916E062C2C98CDA80051C53F /* Frameworks */ = {
			isa = PBXFrameworksBuildPhase;
			buildActionMask = 2147483647;
			files = (
				80C0439960B34646DA0C2431 /* Pods_flotipios.framework in Frameworks */,
			);
			runOnlyForDeploymentPostprocessing = 0;
		};
		916E06452C98CDAA0051C53F /* Frameworks */ = {
			isa = PBXFrameworksBuildPhase;
			buildActionMask = 2147483647;
			files = (
			);
			runOnlyForDeploymentPostprocessing = 0;
		};
		916E064F2C98CDAA0051C53F /* Frameworks */ = {
			isa = PBXFrameworksBuildPhase;
			buildActionMask = 2147483647;
			files = (
			);
			runOnlyForDeploymentPostprocessing = 0;
		};
/* End PBXFrameworksBuildPhase section */

/* Begin PBXGroup section */
		0220F17BB7D21920D8280CD4 /* Frameworks */ = {
			isa = PBXGroup;
			children = (
				66EDE123437DC9DB0089ACE7 /* Pods_flotipios.framework */,
			);
			name = Frameworks;
			sourceTree = "<group>";
		};
		91454DC42CAC7A2300D2FEED /* Messages */ = {
			isa = PBXGroup;
			children = (
				91454DC92CAC929200D2FEED /* MessagesController.swift */,
				91454DC72CAC928E00D2FEED /* NewMessageController.swift */,
				91454DC52CAC928800D2FEED /* ChatController.swift */,
			);
			path = Messages;
			sourceTree = "<group>";
		};
		91454DCB2CAC943700D2FEED /* UploadPostVC */ = {
			isa = PBXGroup;
			children = (
				91454DCC2CAC945500D2FEED /* UploadPostVC.swift */,
			);
			path = UploadPostVC;
			sourceTree = "<group>";
		};
		9161159F2C98DE7E00352967 /* Utils */ = {
			isa = PBXGroup;
			children = (
				91F8D7552D0266590043F74E /* Database.swift */,
				91ECAC3E2CC41E7F0052A10E /* AlermManager.swift */,
				91821C482CA602010095147E /* Protocols.swift */,
				916115A02C98DEB800352967 /* Extensions.swift */,
				91821C502CA9DC3F0095147E /* Constants.swift */,
				91821C522CA9DC650095147E /* CustomImageView.swift */,
			);
			path = Utils;
			sourceTree = "<group>";
		};
		916E06262C98CDA80051C53F = {
			isa = PBXGroup;
			children = (
				916E06312C98CDA80051C53F /* flotipios */,
				916E064B2C98CDAA0051C53F /* flotipiosTests */,
				916E06552C98CDAA0051C53F /* flotipiosUITests */,
				916E06302C98CDA80051C53F /* Products */,
				9A8F6382AC62C4196624E05B /* Pods */,
				0220F17BB7D21920D8280CD4 /* Frameworks */,
			);
			sourceTree = "<group>";
		};
		916E06302C98CDA80051C53F /* Products */ = {
			isa = PBXGroup;
			children = (
				916E062F2C98CDA80051C53F /* flotipios.app */,
				916E06482C98CDAA0051C53F /* flotipiosTests.xctest */,
				916E06522C98CDAA0051C53F /* flotipiosUITests.xctest */,
			);
			name = Products;
			sourceTree = "<group>";
		};
		916E06312C98CDA80051C53F /* flotipios */ = {
			isa = PBXGroup;
			children = (
				91454E172CB4875300D2FEED /* flotipiosRelease.entitlements */,
				91454DD02CB44D8400D2FEED /* flotipios.entitlements */,
				91821C542CA9DC950095147E /* Model */,
				9161159F2C98DE7E00352967 /* Utils */,
				9172AE832CA5DE2A00E14005 /* View */,
				91A7AAE92C98DBF600F78D52 /* Controller */,
				916E06322C98CDA80051C53F /* AppDelegate.swift */,
				91B4930B2CA4C0A200CB8122 /* SceneDelegate.swift */,
				91B4932D2CA5CEB000CB8122 /* MainTabVC.swift */,
				916E063E2C98CDA90051C53F /* Assets.xcassets */,
				916E06402C98CDA90051C53F /* LaunchScreen.storyboard */,
				91B4930D2CA4C19400CB8122 /* GoogleService-Info.plist */,
				916E06432C98CDA90051C53F /* Info.plist */,
				916E063B2C98CDA80051C53F /* flotipios.xcdatamodeld */,
			);
			path = flotipios;
			sourceTree = "<group>";
		};
		916E064B2C98CDAA0051C53F /* flotipiosTests */ = {
			isa = PBXGroup;
			children = (
				916E064C2C98CDAA0051C53F /* flotipiosTests.swift */,
			);
			path = flotipiosTests;
			sourceTree = "<group>";
		};
		916E06552C98CDAA0051C53F /* flotipiosUITests */ = {
			isa = PBXGroup;
			children = (
				916E06562C98CDAA0051C53F /* flotipiosUITests.swift */,
				916E06582C98CDAA0051C53F /* flotipiosUITestsLaunchTests.swift */,
			);
			path = flotipiosUITests;
			sourceTree = "<group>";
		};
		9172AE832CA5DE2A00E14005 /* View */ = {
			isa = PBXGroup;
			children = (
				9172AE852CA5DE3700E14005 /* Messages */,
				9172AE842CA5DE3100E14005 /* Social */,
			);
			path = View;
			sourceTree = "<group>";
		};
		9172AE842CA5DE3100E14005 /* Social */ = {
			isa = PBXGroup;
			children = (
				91D5E4A22CAB3083001A2B9B /* Comments */,
				91821C612CA9E99D0095147E /* UserProfileHeader.swift */,
				91821C632CA9E9E80095147E /* SearchUserCell.swift */,
				9139553F2D077C4600C2A5BE /* PhotoCell.swift */,
				91821C672CA9EAB90095147E /* FeedCell.swift */,
				91D5E4A02CA9FA9D001A2B9B /* FollowLikeCell.swift */,
				91D5E4A92CAB3146001A2B9B /* NotificationCell.swift */,
				91D5E4AB2CAB3170001A2B9B /* SearchPostCell.swift */,
				91D5E4AD2CAB318B001A2B9B /* HashtagCell.swift */,
				91D5E4CD2CAB3E06001A2B9B /* UserPostCell.swift */,
			);
			path = Social;
			sourceTree = "<group>";
		};
		9172AE852CA5DE3700E14005 /* Messages */ = {
			isa = PBXGroup;
			children = (
				91D5E4AF2CAB3215001A2B9B /* MessageInputAccesoryView.swift */,
				91D5E4B12CAB329B001A2B9B /* MessageInputTextView.swift */,
				91D5E4B32CAB37E3001A2B9B /* MessageCell.swift */,
				91D5E4B52CAB387B001A2B9B /* NewMessageCell.swift */,
				91D5E4B72CAB390E001A2B9B /* ChatCell.swift */,
				91D5E4B92CAB3921001A2B9B /* MessageNotificationView.swift */,
			);
			path = Messages;
			sourceTree = "<group>";
		};
		9172AE862CA5DE7C00E14005 /* Login */ = {
			isa = PBXGroup;
			children = (
				91A7AAEA2C98DC6D00F78D52 /* LoginVC.swift */,
				91AA5D402CA3514A00ED4B07 /* SignUpVC.swift */,
				91AA5D3E2CA3440A00ED4B07 /* ForgotPasswordVC.swift */,
			);
			path = Login;
			sourceTree = "<group>";
		};
		9172AE872CA5DE9300E14005 /* Feed */ = {
			isa = PBXGroup;
			children = (
				9172AE882CA5DED300E14005 /* FeedVC.swift */,
				9139553A2D065F7300C2A5BE /* HomeViewController.swift */,
				91D5E4C32CAB3AC9001A2B9B /* CommentVC.swift */,
				91D5E4C52CAB3AE7001A2B9B /* HashtagController.swift */,
			);
			path = Feed;
			sourceTree = "<group>";
		};
		9172AE8A2CA5DF3F00E14005 /* Search */ = {
			isa = PBXGroup;
			children = (
				9172AE8D2CA5DF6400E14005 /* SearchVC.swift */,
			);
			path = Search;
			sourceTree = "<group>";
		};
		9172AE8F2CA5E0FB00E14005 /* UserProfile */ = {
			isa = PBXGroup;
			children = (
				91D5E4C72CAB3CFA001A2B9B /* FollowLikeVC.swift */,
				91821C4A2CA606E90095147E /* UserProfileVC.swift */,
				91D5E4CB2CAB3D9F001A2B9B /* EditProfileController.swift */,
			);
			path = UserProfile;
			sourceTree = "<group>";
		};
		9172AE962CA5F0ED00E14005 /* Notifications */ = {
			isa = PBXGroup;
			children = (
				9172AE942CA5F0DD00E14005 /* NotificationsVC.swift */,
			);
			path = Notifications;
			sourceTree = "<group>";
		};
		9172AE972CA5F9C900E14005 /* Browser */ = {
			isa = PBXGroup;
			children = (
				9172AE982CA5F9E100E14005 /* BrowserViewController.swift */,
				91821C4E2CA82E460095147E /* YourViewController.swift */,
				91D5E4BB2CAB39DE001A2B9B /* SettingsViewController.swift */,
				91D5E4BD2CAB3A12001A2B9B /* SettingsModels.swift */,
				91D5E4BF2CAB3A3A001A2B9B /* SecondViewController.swift */,
				91D5E4C12CAB3A68001A2B9B /* ImageCell.swift */,
				91454DCE2CB3476C00D2FEED /* ImageCollectionController.swift */,
			);
			path = Browser;
			sourceTree = "<group>";
		};
		91821C542CA9DC950095147E /* Model */ = {
			isa = PBXGroup;
			children = (
				9139553D2D0769CE00C2A5BE /* Photo.swift */,
				91821C552CA9DCB30095147E /* User.swift */,
				91821C592CA9DCEA0095147E /* Post.swift */,
				91821C5B2CA9DD330095147E /* Comment.swift */,
				91821C5D2CA9DD540095147E /* Notification.swift */,
				91821C5F2CA9DD6F0095147E /* Message.swift */,
			);
			path = Model;
			sourceTree = "<group>";
		};
		91A7AAE92C98DBF600F78D52 /* Controller */ = {
			isa = PBXGroup;
			children = (
				91454DCB2CAC943700D2FEED /* UploadPostVC */,
				91454DC42CAC7A2300D2FEED /* Messages */,
				9172AE972CA5F9C900E14005 /* Browser */,
				9172AE962CA5F0ED00E14005 /* Notifications */,
				9172AE8F2CA5E0FB00E14005 /* UserProfile */,
				9172AE8A2CA5DF3F00E14005 /* Search */,
				9172AE862CA5DE7C00E14005 /* Login */,
				9172AE872CA5DE9300E14005 /* Feed */,
			);
			path = Controller;
			sourceTree = "<group>";
		};
		91D5E4A22CAB3083001A2B9B /* Comments */ = {
			isa = PBXGroup;
			children = (
				91D5E4A72CAB30DE001A2B9B /* CommentCell.swift */,
				91D5E4A32CAB30AC001A2B9B /* CommentInputAccesoryView.swift */,
				91D5E4A52CAB30CC001A2B9B /* InputTextView.swift */,
			);
			path = Comments;
			sourceTree = "<group>";
		};
		9A8F6382AC62C4196624E05B /* Pods */ = {
			isa = PBXGroup;
			children = (
				34554ABCA9D47732C833AD4C /* Pods-flotipios.debug.xcconfig */,
				93CCF4FB9D5D3C5B2EC12170 /* Pods-flotipios.release.xcconfig */,
			);
			path = Pods;
			sourceTree = "<group>";
		};
/* End PBXGroup section */

/* Begin PBXNativeTarget section */
		916E062E2C98CDA80051C53F /* flotipios */ = {
			isa = PBXNativeTarget;
			buildConfigurationList = 916E065C2C98CDAA0051C53F /* Build configuration list for PBXNativeTarget "flotipios" */;
			buildPhases = (
				221FAD6DA1A3EB9F47F7AAC7 /* [CP] Check Pods Manifest.lock */,
				916E062B2C98CDA80051C53F /* Sources */,
				916E062C2C98CDA80051C53F /* Frameworks */,
				916E062D2C98CDA80051C53F /* Resources */,
				18FBC92730E819D544EE5F1A /* [CP] Embed Pods Frameworks */,
			);
			buildRules = (
			);
			dependencies = (
			);
			name = flotipios;
			productName = flotipios;
			productReference = 916E062F2C98CDA80051C53F /* flotipios.app */;
			productType = "com.apple.product-type.application";
		};
		916E06472C98CDAA0051C53F /* flotipiosTests */ = {
			isa = PBXNativeTarget;
			buildConfigurationList = 916E065F2C98CDAA0051C53F /* Build configuration list for PBXNativeTarget "flotipiosTests" */;
			buildPhases = (
				916E06442C98CDAA0051C53F /* Sources */,
				916E06452C98CDAA0051C53F /* Frameworks */,
				916E06462C98CDAA0051C53F /* Resources */,
			);
			buildRules = (
			);
			dependencies = (
				916E064A2C98CDAA0051C53F /* PBXTargetDependency */,
			);
			name = flotipiosTests;
			productName = flotipiosTests;
			productReference = 916E06482C98CDAA0051C53F /* flotipiosTests.xctest */;
			productType = "com.apple.product-type.bundle.unit-test";
		};
		916E06512C98CDAA0051C53F /* flotipiosUITests */ = {
			isa = PBXNativeTarget;
			buildConfigurationList = 916E06622C98CDAA0051C53F /* Build configuration list for PBXNativeTarget "flotipiosUITests" */;
			buildPhases = (
				916E064E2C98CDAA0051C53F /* Sources */,
				916E064F2C98CDAA0051C53F /* Frameworks */,
				916E06502C98CDAA0051C53F /* Resources */,
			);
			buildRules = (
			);
			dependencies = (
				916E06542C98CDAA0051C53F /* PBXTargetDependency */,
			);
			name = flotipiosUITests;
			productName = flotipiosUITests;
			productReference = 916E06522C98CDAA0051C53F /* flotipiosUITests.xctest */;
			productType = "com.apple.product-type.bundle.ui-testing";
		};
/* End PBXNativeTarget section */

/* Begin PBXProject section */
		916E06272C98CDA80051C53F /* Project object */ = {
			isa = PBXProject;
			attributes = {
				BuildIndependentTargetsInParallel = 1;
				LastSwiftUpdateCheck = 1540;
				LastUpgradeCheck = 1540;
				TargetAttributes = {
					916E062E2C98CDA80051C53F = {
						CreatedOnToolsVersion = 15.4;
					};
					916E06472C98CDAA0051C53F = {
						CreatedOnToolsVersion = 15.4;
						TestTargetID = 916E062E2C98CDA80051C53F;
					};
					916E06512C98CDAA0051C53F = {
						CreatedOnToolsVersion = 15.4;
						TestTargetID = 916E062E2C98CDA80051C53F;
					};
				};
			};
			buildConfigurationList = 916E062A2C98CDA80051C53F /* Build configuration list for PBXProject "flotipios" */;
			compatibilityVersion = "Xcode 14.0";
			developmentRegion = en;
			hasScannedForEncodings = 0;
			knownRegions = (
				en,
				Base,
			);
			mainGroup = 916E06262C98CDA80051C53F;
			productRefGroup = 916E06302C98CDA80051C53F /* Products */;
			projectDirPath = "";
			projectRoot = "";
			targets = (
				916E062E2C98CDA80051C53F /* flotipios */,
				916E06472C98CDAA0051C53F /* flotipiosTests */,
				916E06512C98CDAA0051C53F /* flotipiosUITests */,
			);
		};
/* End PBXProject section */

/* Begin PBXResourcesBuildPhase section */
		916E062D2C98CDA80051C53F /* Resources */ = {
			isa = PBXResourcesBuildPhase;
			buildActionMask = 2147483647;
			files = (
				916E063F2C98CDA90051C53F /* Assets.xcassets in Resources */,
				916E06422C98CDA90051C53F /* Base in Resources */,
				91B4930E2CA4C19400CB8122 /* GoogleService-Info.plist in Resources */,
			);
			runOnlyForDeploymentPostprocessing = 0;
		};
		916E06462C98CDAA0051C53F /* Resources */ = {
			isa = PBXResourcesBuildPhase;
			buildActionMask = 2147483647;
			files = (
			);
			runOnlyForDeploymentPostprocessing = 0;
		};
		916E06502C98CDAA0051C53F /* Resources */ = {
			isa = PBXResourcesBuildPhase;
			buildActionMask = 2147483647;
			files = (
			);
			runOnlyForDeploymentPostprocessing = 0;
		};
/* End PBXResourcesBuildPhase section */

/* Begin PBXShellScriptBuildPhase section */
		18FBC92730E819D544EE5F1A /* [CP] Embed Pods Frameworks */ = {
			isa = PBXShellScriptBuildPhase;
			buildActionMask = 2147483647;
			files = (
			);
			inputFileListPaths = (
				"${PODS_ROOT}/Target Support Files/Pods-flotipios/Pods-flotipios-frameworks-${CONFIGURATION}-input-files.xcfilelist",
			);
			name = "[CP] Embed Pods Frameworks";
			outputFileListPaths = (
				"${PODS_ROOT}/Target Support Files/Pods-flotipios/Pods-flotipios-frameworks-${CONFIGURATION}-output-files.xcfilelist",
			);
			runOnlyForDeploymentPostprocessing = 0;
			shellPath = /bin/sh;
			shellScript = "\"${PODS_ROOT}/Target Support Files/Pods-flotipios/Pods-flotipios-frameworks.sh\"\n";
			showEnvVarsInLog = 0;
		};
		221FAD6DA1A3EB9F47F7AAC7 /* [CP] Check Pods Manifest.lock */ = {
			isa = PBXShellScriptBuildPhase;
			buildActionMask = 2147483647;
			files = (
			);
			inputFileListPaths = (
			);
			inputPaths = (
				"${PODS_PODFILE_DIR_PATH}/Podfile.lock",
				"${PODS_ROOT}/Manifest.lock",
			);
			name = "[CP] Check Pods Manifest.lock";
			outputFileListPaths = (
			);
			outputPaths = (
				"$(DERIVED_FILE_DIR)/Pods-flotipios-checkManifestLockResult.txt",
			);
			runOnlyForDeploymentPostprocessing = 0;
			shellPath = /bin/sh;
			shellScript = "diff \"${PODS_PODFILE_DIR_PATH}/Podfile.lock\" \"${PODS_ROOT}/Manifest.lock\" > /dev/null\nif [ $? != 0 ] ; then\n    # print error to STDERR\n    echo \"error: The sandbox is not in sync with the Podfile.lock. Run 'pod install' or update your CocoaPods installation.\" >&2\n    exit 1\nfi\n# This output is used by Xcode 'outputs' to avoid re-running this script phase.\necho \"SUCCESS\" > \"${SCRIPT_OUTPUT_FILE_0}\"\n";
			showEnvVarsInLog = 0;
		};
/* End PBXShellScriptBuildPhase section */

/* Begin PBXSourcesBuildPhase section */
		916E062B2C98CDA80051C53F /* Sources */ = {
			isa = PBXSourcesBuildPhase;
			buildActionMask = 2147483647;
			files = (
				9139553E2D0769D400C2A5BE /* Photo.swift in Sources */,
				91821C492CA602060095147E /* Protocols.swift in Sources */,
				91821C532CA9DC650095147E /* CustomImageView.swift in Sources */,
				91D5E4A62CAB30CD001A2B9B /* InputTextView.swift in Sources */,
				91821C512CA9DC3F0095147E /* Constants.swift in Sources */,
				91D5E4BE2CAB3A12001A2B9B /* SettingsModels.swift in Sources */,
				91D5E4C22CAB3A68001A2B9B /* ImageCell.swift in Sources */,
				91D5E4A82CAB30E0001A2B9B /* CommentCell.swift in Sources */,
				91D5E4C02CAB3A3A001A2B9B /* SecondViewController.swift in Sources */,
				91821C622CA9E99D0095147E /* UserProfileHeader.swift in Sources */,
				91821C4F2CA82E460095147E /* YourViewController.swift in Sources */,
				9172AE892CA5DED300E14005 /* FeedVC.swift in Sources */,
				916115A12C98DEB800352967 /* Extensions.swift in Sources */,
				91B4930C2CA4C0A200CB8122 /* SceneDelegate.swift in Sources */,
				91821C5E2CA9DD540095147E /* Notification.swift in Sources */,
				91D5E4B82CAB390E001A2B9B /* ChatCell.swift in Sources */,
				916E06332C98CDA80051C53F /* AppDelegate.swift in Sources */,
				91D5E4AE2CAB318B001A2B9B /* HashtagCell.swift in Sources */,
				916E063D2C98CDA80051C53F /* flotipios.xcdatamodeld in Sources */,
				91454DC62CAC928B00D2FEED /* ChatController.swift in Sources */,
				91D5E4B22CAB329B001A2B9B /* MessageInputTextView.swift in Sources */,
				91821C5C2CA9DD330095147E /* Comment.swift in Sources */,
				91A7AAEB2C98DC6D00F78D52 /* LoginVC.swift in Sources */,
				91D5E4B02CAB3215001A2B9B /* MessageInputAccesoryView.swift in Sources */,
				91D5E4A12CA9FA9D001A2B9B /* FollowLikeCell.swift in Sources */,
				91F8D7562D02665D0043F74E /* Database.swift in Sources */,
				91821C4B2CA606E90095147E /* UserProfileVC.swift in Sources */,
				91821C642CA9E9E80095147E /* SearchUserCell.swift in Sources */,
				91D5E4A42CAB30AC001A2B9B /* CommentInputAccesoryView.swift in Sources */,
				91D5E4BC2CAB39DE001A2B9B /* SettingsViewController.swift in Sources */,
				9172AE952CA5F0DE00E14005 /* NotificationsVC.swift in Sources */,
				9172AE992CA5F9E100E14005 /* BrowserViewController.swift in Sources */,
				91D5E4CE2CAB3E06001A2B9B /* UserPostCell.swift in Sources */,
				91D5E4AC2CAB3170001A2B9B /* SearchPostCell.swift in Sources */,
				91D5E4B62CAB387B001A2B9B /* NewMessageCell.swift in Sources */,
				91454DCF2CB3476C00D2FEED /* ImageCollectionController.swift in Sources */,
				9172AE8E2CA5DF6400E14005 /* SearchVC.swift in Sources */,
				91821C602CA9DD6F0095147E /* Message.swift in Sources */,
				91454DCA2CAC929C00D2FEED /* MessagesController.swift in Sources */,
				91D5E4CC2CAB3D9F001A2B9B /* EditProfileController.swift in Sources */,
				91AA5D412CA3514A00ED4B07 /* SignUpVC.swift in Sources */,
				9139553B2D065F7900C2A5BE /* HomeViewController.swift in Sources */,
				91B4932E2CA5CEB000CB8122 /* MainTabVC.swift in Sources */,
				91454DCD2CAC945500D2FEED /* UploadPostVC.swift in Sources */,
				91D5E4C82CAB3D06001A2B9B /* FollowLikeVC.swift in Sources */,
				91821C682CA9EAB90095147E /* FeedCell.swift in Sources */,
				91AA5D3F2CA3440A00ED4B07 /* ForgotPasswordVC.swift in Sources */,
				91D5E4BA2CAB3931001A2B9B /* MessageNotificationView.swift in Sources */,
				91D5E4C42CAB3AC9001A2B9B /* CommentVC.swift in Sources */,
				913955402D077C5B00C2A5BE /* PhotoCell.swift in Sources */,
				91454DC82CAC928F00D2FEED /* NewMessageController.swift in Sources */,
				91821C562CA9DCB30095147E /* User.swift in Sources */,
				91D5E4B42CAB37E3001A2B9B /* MessageCell.swift in Sources */,
				91D5E4AA2CAB3146001A2B9B /* NotificationCell.swift in Sources */,
				91ECAC3F2CC41E950052A10E /* AlermManager.swift in Sources */,
				91D5E4C62CAB3AE7001A2B9B /* HashtagController.swift in Sources */,
				91821C5A2CA9DCEA0095147E /* Post.swift in Sources */,
			);
			runOnlyForDeploymentPostprocessing = 0;
		};
		916E06442C98CDAA0051C53F /* Sources */ = {
			isa = PBXSourcesBuildPhase;
			buildActionMask = 2147483647;
			files = (
				916E064D2C98CDAA0051C53F /* flotipiosTests.swift in Sources */,
			);
			runOnlyForDeploymentPostprocessing = 0;
		};
		916E064E2C98CDAA0051C53F /* Sources */ = {
			isa = PBXSourcesBuildPhase;
			buildActionMask = 2147483647;
			files = (
				916E06592C98CDAA0051C53F /* flotipiosUITestsLaunchTests.swift in Sources */,
				916E06572C98CDAA0051C53F /* flotipiosUITests.swift in Sources */,
			);
			runOnlyForDeploymentPostprocessing = 0;
		};
/* End PBXSourcesBuildPhase section */

/* Begin PBXTargetDependency section */
		916E064A2C98CDAA0051C53F /* PBXTargetDependency */ = {
			isa = PBXTargetDependency;
			target = 916E062E2C98CDA80051C53F /* flotipios */;
			targetProxy = 916E06492C98CDAA0051C53F /* PBXContainerItemProxy */;
		};
		916E06542C98CDAA0051C53F /* PBXTargetDependency */ = {
			isa = PBXTargetDependency;
			target = 916E062E2C98CDA80051C53F /* flotipios */;
			targetProxy = 916E06532C98CDAA0051C53F /* PBXContainerItemProxy */;
		};
/* End PBXTargetDependency section */

/* Begin PBXVariantGroup section */
		916E06402C98CDA90051C53F /* LaunchScreen.storyboard */ = {
			isa = PBXVariantGroup;
			children = (
				916E06412C98CDA90051C53F /* Base */,
			);
			name = LaunchScreen.storyboard;
			sourceTree = "<group>";
		};
/* End PBXVariantGroup section */

/* Begin XCBuildConfiguration section */
		916E065A2C98CDAA0051C53F /* Debug */ = {
			isa = XCBuildConfiguration;
			buildSettings = {
				ALWAYS_SEARCH_USER_PATHS = NO;
				ASSETCATALOG_COMPILER_GENERATE_SWIFT_ASSET_SYMBOL_EXTENSIONS = YES;
				CLANG_ANALYZER_NONNULL = YES;
				CLANG_ANALYZER_NUMBER_OBJECT_CONVERSION = YES_AGGRESSIVE;
				CLANG_CXX_LANGUAGE_STANDARD = "gnu++20";
				CLANG_ENABLE_MODULES = YES;
				CLANG_ENABLE_OBJC_ARC = YES;
				CLANG_ENABLE_OBJC_WEAK = YES;
				CLANG_WARN_BLOCK_CAPTURE_AUTORELEASING = YES;
				CLANG_WARN_BOOL_CONVERSION = YES;
				CLANG_WARN_COMMA = YES;
				CLANG_WARN_CONSTANT_CONVERSION = YES;
				CLANG_WARN_DEPRECATED_OBJC_IMPLEMENTATIONS = YES;
				CLANG_WARN_DIRECT_OBJC_ISA_USAGE = YES_ERROR;
				CLANG_WARN_DOCUMENTATION_COMMENTS = YES;
				CLANG_WARN_EMPTY_BODY = YES;
				CLANG_WARN_ENUM_CONVERSION = YES;
				CLANG_WARN_INFINITE_RECURSION = YES;
				CLANG_WARN_INT_CONVERSION = YES;
				CLANG_WARN_NON_LITERAL_NULL_CONVERSION = YES;
				CLANG_WARN_OBJC_IMPLICIT_RETAIN_SELF = YES;
				CLANG_WARN_OBJC_LITERAL_CONVERSION = YES;
				CLANG_WARN_OBJC_ROOT_CLASS = YES_ERROR;
				CLANG_WARN_QUOTED_INCLUDE_IN_FRAMEWORK_HEADER = YES;
				CLANG_WARN_RANGE_LOOP_ANALYSIS = YES;
				CLANG_WARN_STRICT_PROTOTYPES = YES;
				CLANG_WARN_SUSPICIOUS_MOVE = YES;
				CLANG_WARN_UNGUARDED_AVAILABILITY = YES_AGGRESSIVE;
				CLANG_WARN_UNREACHABLE_CODE = YES;
				CLANG_WARN__DUPLICATE_METHOD_MATCH = YES;
				COPY_PHASE_STRIP = NO;
				DEBUG_INFORMATION_FORMAT = dwarf;
				ENABLE_STRICT_OBJC_MSGSEND = YES;
				ENABLE_TESTABILITY = YES;
				ENABLE_USER_SCRIPT_SANDBOXING = NO;
				GCC_C_LANGUAGE_STANDARD = gnu17;
				GCC_DYNAMIC_NO_PIC = NO;
				GCC_NO_COMMON_BLOCKS = YES;
				GCC_OPTIMIZATION_LEVEL = 0;
				GCC_PREPROCESSOR_DEFINITIONS = (
					"DEBUG=1",
					"$(inherited)",
				);
				GCC_WARN_64_TO_32_BIT_CONVERSION = YES;
				GCC_WARN_ABOUT_RETURN_TYPE = YES_ERROR;
				GCC_WARN_UNDECLARED_SELECTOR = YES;
				GCC_WARN_UNINITIALIZED_AUTOS = YES_AGGRESSIVE;
				GCC_WARN_UNUSED_FUNCTION = YES;
				GCC_WARN_UNUSED_VARIABLE = YES;
				IPHONEOS_DEPLOYMENT_TARGET = 18.0;
				LOCALIZATION_PREFERS_STRING_CATALOGS = YES;
				MTL_ENABLE_DEBUG_INFO = INCLUDE_SOURCE;
				MTL_FAST_MATH = YES;
				ONLY_ACTIVE_ARCH = YES;
				SDKROOT = iphoneos;
				SWIFT_ACTIVE_COMPILATION_CONDITIONS = "DEBUG $(inherited)";
				SWIFT_OPTIMIZATION_LEVEL = "-Onone";
			};
			name = Debug;
		};
		916E065B2C98CDAA0051C53F /* Release */ = {
			isa = XCBuildConfiguration;
			buildSettings = {
				ALWAYS_SEARCH_USER_PATHS = NO;
				ASSETCATALOG_COMPILER_GENERATE_SWIFT_ASSET_SYMBOL_EXTENSIONS = YES;
				CLANG_ANALYZER_NONNULL = YES;
				CLANG_ANALYZER_NUMBER_OBJECT_CONVERSION = YES_AGGRESSIVE;
				CLANG_CXX_LANGUAGE_STANDARD = "gnu++20";
				CLANG_ENABLE_MODULES = YES;
				CLANG_ENABLE_OBJC_ARC = YES;
				CLANG_ENABLE_OBJC_WEAK = YES;
				CLANG_WARN_BLOCK_CAPTURE_AUTORELEASING = YES;
				CLANG_WARN_BOOL_CONVERSION = YES;
				CLANG_WARN_COMMA = YES;
				CLANG_WARN_CONSTANT_CONVERSION = YES;
				CLANG_WARN_DEPRECATED_OBJC_IMPLEMENTATIONS = YES;
				CLANG_WARN_DIRECT_OBJC_ISA_USAGE = YES_ERROR;
				CLANG_WARN_DOCUMENTATION_COMMENTS = YES;
				CLANG_WARN_EMPTY_BODY = YES;
				CLANG_WARN_ENUM_CONVERSION = YES;
				CLANG_WARN_INFINITE_RECURSION = YES;
				CLANG_WARN_INT_CONVERSION = YES;
				CLANG_WARN_NON_LITERAL_NULL_CONVERSION = YES;
				CLANG_WARN_OBJC_IMPLICIT_RETAIN_SELF = YES;
				CLANG_WARN_OBJC_LITERAL_CONVERSION = YES;
				CLANG_WARN_OBJC_ROOT_CLASS = YES_ERROR;
				CLANG_WARN_QUOTED_INCLUDE_IN_FRAMEWORK_HEADER = YES;
				CLANG_WARN_RANGE_LOOP_ANALYSIS = YES;
				CLANG_WARN_STRICT_PROTOTYPES = YES;
				CLANG_WARN_SUSPICIOUS_MOVE = YES;
				CLANG_WARN_UNGUARDED_AVAILABILITY = YES_AGGRESSIVE;
				CLANG_WARN_UNREACHABLE_CODE = YES;
				CLANG_WARN__DUPLICATE_METHOD_MATCH = YES;
				COPY_PHASE_STRIP = NO;
				DEBUG_INFORMATION_FORMAT = "dwarf-with-dsym";
				ENABLE_NS_ASSERTIONS = NO;
				ENABLE_STRICT_OBJC_MSGSEND = YES;
				ENABLE_USER_SCRIPT_SANDBOXING = NO;
				GCC_C_LANGUAGE_STANDARD = gnu17;
				GCC_NO_COMMON_BLOCKS = YES;
				GCC_WARN_64_TO_32_BIT_CONVERSION = YES;
				GCC_WARN_ABOUT_RETURN_TYPE = YES_ERROR;
				GCC_WARN_UNDECLARED_SELECTOR = YES;
				GCC_WARN_UNINITIALIZED_AUTOS = YES_AGGRESSIVE;
				GCC_WARN_UNUSED_FUNCTION = YES;
				GCC_WARN_UNUSED_VARIABLE = YES;
				IPHONEOS_DEPLOYMENT_TARGET = 18.0;
				LOCALIZATION_PREFERS_STRING_CATALOGS = YES;
				MTL_ENABLE_DEBUG_INFO = NO;
				MTL_FAST_MATH = YES;
				SDKROOT = iphoneos;
				SWIFT_COMPILATION_MODE = wholemodule;
				VALIDATE_PRODUCT = YES;
			};
			name = Release;
		};
		916E065D2C98CDAA0051C53F /* Debug */ = {
			isa = XCBuildConfiguration;
			baseConfigurationReference = 34554ABCA9D47732C833AD4C /* Pods-flotipios.debug.xcconfig */;
			buildSettings = {
				ASSETCATALOG_COMPILER_APPICON_NAME = AppIcon;
				ASSETCATALOG_COMPILER_GLOBAL_ACCENT_COLOR_NAME = AccentColor;
				CODE_SIGN_ENTITLEMENTS = flotipios/flotipios.entitlements;
				CODE_SIGN_IDENTITY = "Apple Development";
				CODE_SIGN_STYLE = Automatic;
				CURRENT_PROJECT_VERSION = 1;
				DEVELOPMENT_TEAM = A3LZG7RDC6;
				GENERATE_INFOPLIST_FILE = YES;
				INFOPLIST_FILE = flotipios/Info.plist;
				INFOPLIST_KEY_CFBundleDisplayName = flotip;
				INFOPLIST_KEY_LSApplicationCategoryType = "public.app-category.books";
				INFOPLIST_KEY_NSCameraUsageDescription = "App needs access to the camera.";
				INFOPLIST_KEY_NSPhotoLibraryUsageDescription = "App needs access to the photo library.";
				INFOPLIST_KEY_UIApplicationSupportsIndirectInputEvents = YES;
				INFOPLIST_KEY_UILaunchStoryboardName = LaunchScreen;
				INFOPLIST_KEY_UISupportedInterfaceOrientations_iPad = "UIInterfaceOrientationPortrait UIInterfaceOrientationPortraitUpsideDown UIInterfaceOrientationLandscapeLeft UIInterfaceOrientationLandscapeRight";
				INFOPLIST_KEY_UISupportedInterfaceOrientations_iPhone = "UIInterfaceOrientationPortrait UIInterfaceOrientationLandscapeLeft UIInterfaceOrientationLandscapeRight";
				IPHONEOS_DEPLOYMENT_TARGET = 15.6;
				LD_RUNPATH_SEARCH_PATHS = (
					"$(inherited)",
					"@executable_path/Frameworks",
				);
				MARKETING_VERSION = 1.0;
				PRODUCT_BUNDLE_IDENTIFIER = com.flotip.mattiaponcini;
				PRODUCT_NAME = "$(TARGET_NAME)";
				PROVISIONING_PROFILE_SPECIFIER = "";
				SUPPORTED_PLATFORMS = "iphoneos iphonesimulator";
				SUPPORTS_MACCATALYST = NO;
				SUPPORTS_MAC_DESIGNED_FOR_IPHONE_IPAD = NO;
				SUPPORTS_XR_DESIGNED_FOR_IPHONE_IPAD = NO;
				SWIFT_EMIT_LOC_STRINGS = YES;
				SWIFT_VERSION = 5.0;
				TARGETED_DEVICE_FAMILY = 1;
			};
			name = Debug;
		};
		916E065E2C98CDAA0051C53F /* Release */ = {
			isa = XCBuildConfiguration;
			baseConfigurationReference = 93CCF4FB9D5D3C5B2EC12170 /* Pods-flotipios.release.xcconfig */;
			buildSettings = {
				ASSETCATALOG_COMPILER_APPICON_NAME = AppIcon;
				ASSETCATALOG_COMPILER_GLOBAL_ACCENT_COLOR_NAME = AccentColor;
				CODE_SIGN_ENTITLEMENTS = flotipios/flotipiosRelease.entitlements;
				CODE_SIGN_IDENTITY = "Apple Development";
				CODE_SIGN_STYLE = Automatic;
				CURRENT_PROJECT_VERSION = 1;
				DEVELOPMENT_TEAM = A3LZG7RDC6;
				GENERATE_INFOPLIST_FILE = YES;
				INFOPLIST_FILE = flotipios/Info.plist;
				INFOPLIST_KEY_CFBundleDisplayName = flotip;
				INFOPLIST_KEY_LSApplicationCategoryType = "public.app-category.books";
				INFOPLIST_KEY_NSCameraUsageDescription = "App needs access to the camera.";
				INFOPLIST_KEY_NSPhotoLibraryUsageDescription = "App needs access to the photo library.";
				INFOPLIST_KEY_UIApplicationSupportsIndirectInputEvents = YES;
				INFOPLIST_KEY_UILaunchStoryboardName = LaunchScreen;
				INFOPLIST_KEY_UISupportedInterfaceOrientations_iPad = "UIInterfaceOrientationPortrait UIInterfaceOrientationPortraitUpsideDown UIInterfaceOrientationLandscapeLeft UIInterfaceOrientationLandscapeRight";
				INFOPLIST_KEY_UISupportedInterfaceOrientations_iPhone = "UIInterfaceOrientationPortrait UIInterfaceOrientationLandscapeLeft UIInterfaceOrientationLandscapeRight";
				IPHONEOS_DEPLOYMENT_TARGET = 15.6;
				LD_RUNPATH_SEARCH_PATHS = (
					"$(inherited)",
					"@executable_path/Frameworks",
				);
				MARKETING_VERSION = 1.0;
				PRODUCT_BUNDLE_IDENTIFIER = com.flotip.flotipios;
				PRODUCT_NAME = "$(TARGET_NAME)";
				PROVISIONING_PROFILE_SPECIFIER = "";
				SUPPORTED_PLATFORMS = "iphoneos iphonesimulator";
				SUPPORTS_MACCATALYST = NO;
				SUPPORTS_MAC_DESIGNED_FOR_IPHONE_IPAD = NO;
				SUPPORTS_XR_DESIGNED_FOR_IPHONE_IPAD = NO;
				SWIFT_EMIT_LOC_STRINGS = YES;
				SWIFT_VERSION = 5.0;
				TARGETED_DEVICE_FAMILY = 1;
			};
			name = Release;
		};
		916E06602C98CDAA0051C53F /* Debug */ = {
			isa = XCBuildConfiguration;
			buildSettings = {
				ALWAYS_EMBED_SWIFT_STANDARD_LIBRARIES = YES;
				BUNDLE_LOADER = "$(TEST_HOST)";
				CODE_SIGN_STYLE = Automatic;
				CURRENT_PROJECT_VERSION = 1;
				DEVELOPMENT_TEAM = A3LZG7RDC6;
				GENERATE_INFOPLIST_FILE = YES;
				IPHONEOS_DEPLOYMENT_TARGET = 17.5;
				MARKETING_VERSION = 1.0;
				PRODUCT_BUNDLE_IDENTIFIER = com.flotip.Tests;
				PRODUCT_NAME = "$(TARGET_NAME)";
				SWIFT_EMIT_LOC_STRINGS = NO;
				SWIFT_VERSION = 5.0;
				TARGETED_DEVICE_FAMILY = "1,2";
				TEST_HOST = "$(BUILT_PRODUCTS_DIR)/flotipios.app/$(BUNDLE_EXECUTABLE_FOLDER_PATH)/flotipios";
			};
			name = Debug;
		};
		916E06612C98CDAA0051C53F /* Release */ = {
			isa = XCBuildConfiguration;
			buildSettings = {
				ALWAYS_EMBED_SWIFT_STANDARD_LIBRARIES = YES;
				BUNDLE_LOADER = "$(TEST_HOST)";
				CODE_SIGN_STYLE = Automatic;
				CURRENT_PROJECT_VERSION = 1;
				DEVELOPMENT_TEAM = A3LZG7RDC6;
				GENERATE_INFOPLIST_FILE = YES;
				IPHONEOS_DEPLOYMENT_TARGET = 17.5;
				MARKETING_VERSION = 1.0;
				PRODUCT_BUNDLE_IDENTIFIER = com.flotip.Tests;
				PRODUCT_NAME = "$(TARGET_NAME)";
				SWIFT_EMIT_LOC_STRINGS = NO;
				SWIFT_VERSION = 5.0;
				TARGETED_DEVICE_FAMILY = "1,2";
				TEST_HOST = "$(BUILT_PRODUCTS_DIR)/flotipios.app/$(BUNDLE_EXECUTABLE_FOLDER_PATH)/flotipios";
			};
			name = Release;
		};
		916E06632C98CDAA0051C53F /* Debug */ = {
			isa = XCBuildConfiguration;
			buildSettings = {
				ALWAYS_EMBED_SWIFT_STANDARD_LIBRARIES = YES;
				CODE_SIGN_STYLE = Automatic;
				CURRENT_PROJECT_VERSION = 1;
				DEVELOPMENT_TEAM = A3LZG7RDC6;
				GENERATE_INFOPLIST_FILE = YES;
				MARKETING_VERSION = 1.0;
				PRODUCT_BUNDLE_IDENTIFIER = com.flotip.flotipiosUITests;
				PRODUCT_NAME = "$(TARGET_NAME)";
				SWIFT_EMIT_LOC_STRINGS = NO;
				SWIFT_VERSION = 5.0;
				TARGETED_DEVICE_FAMILY = "1,2";
				TEST_TARGET_NAME = flotipios;
			};
			name = Debug;
		};
		916E06642C98CDAA0051C53F /* Release */ = {
			isa = XCBuildConfiguration;
			buildSettings = {
				ALWAYS_EMBED_SWIFT_STANDARD_LIBRARIES = YES;
				CODE_SIGN_STYLE = Automatic;
				CURRENT_PROJECT_VERSION = 1;
				DEVELOPMENT_TEAM = A3LZG7RDC6;
				GENERATE_INFOPLIST_FILE = YES;
				MARKETING_VERSION = 1.0;
				PRODUCT_BUNDLE_IDENTIFIER = com.flotip.flotipiosUITests;
				PRODUCT_NAME = "$(TARGET_NAME)";
				SWIFT_EMIT_LOC_STRINGS = NO;
				SWIFT_VERSION = 5.0;
				TARGETED_DEVICE_FAMILY = "1,2";
				TEST_TARGET_NAME = flotipios;
			};
			name = Release;
		};
/* End XCBuildConfiguration section */

/* Begin XCConfigurationList section */
		916E062A2C98CDA80051C53F /* Build configuration list for PBXProject "flotipios" */ = {
			isa = XCConfigurationList;
			buildConfigurations = (
				916E065A2C98CDAA0051C53F /* Debug */,
				916E065B2C98CDAA0051C53F /* Release */,
			);
			defaultConfigurationIsVisible = 0;
			defaultConfigurationName = Debug;
		};
		916E065C2C98CDAA0051C53F /* Build configuration list for PBXNativeTarget "flotipios" */ = {
			isa = XCConfigurationList;
			buildConfigurations = (
				916E065D2C98CDAA0051C53F /* Debug */,
				916E065E2C98CDAA0051C53F /* Release */,
			);
			defaultConfigurationIsVisible = 0;
			defaultConfigurationName = Debug;
		};
		916E065F2C98CDAA0051C53F /* Build configuration list for PBXNativeTarget "flotipiosTests" */ = {
			isa = XCConfigurationList;
			buildConfigurations = (
				916E06602C98CDAA0051C53F /* Debug */,
				916E06612C98CDAA0051C53F /* Release */,
			);
			defaultConfigurationIsVisible = 0;
			defaultConfigurationName = Debug;
		};
		916E06622C98CDAA0051C53F /* Build configuration list for PBXNativeTarget "flotipiosUITests" */ = {
			isa = XCConfigurationList;
			buildConfigurations = (
				916E06632C98CDAA0051C53F /* Debug */,
				916E06642C98CDAA0051C53F /* Release */,
			);
			defaultConfigurationIsVisible = 0;
			defaultConfigurationName = Debug;
		};
/* End XCConfigurationList section */

/* Begin XCVersionGroup section */
		916E063B2C98CDA80051C53F /* flotipios.xcdatamodeld */ = {
			isa = XCVersionGroup;
			children = (
				916E063C2C98CDA80051C53F /* flotipios.xcdatamodel */,
			);
			currentVersion = 916E063C2C98CDA80051C53F /* flotipios.xcdatamodel */;
			path = flotipios.xcdatamodeld;
			sourceTree = "<group>";
			versionGroupType = wrapper.xcdatamodel;
		};
/* End XCVersionGroup section */
	};
	rootObject = 916E06272C98CDA80051C53F /* Project object */;
}
